// !$*UTF8*$!
{
	archiveVersion = 1;
	classes = {
	};
	objectVersion = 50;
	objects = {

/* Begin PBXBuildFile section */
		8D18F17722D5D0C900E7B1E0 /* AppAssembler.swift in Sources */ = {isa = PBXBuildFile; fileRef = 8D18F17622D5D0C900E7B1E0 /* AppAssembler.swift */; };
		8D18F17922D5D29200E7B1E0 /* CanvasViewController.storyboard in Resources */ = {isa = PBXBuildFile; fileRef = 8D18F17822D5D29200E7B1E0 /* CanvasViewController.storyboard */; };
		8D18F17C22D5D30900E7B1E0 /* UIViewController+StoryboardLoadable.swift in Sources */ = {isa = PBXBuildFile; fileRef = 8D18F17B22D5D30900E7B1E0 /* UIViewController+StoryboardLoadable.swift */; };
		8D18F17E22D5FA5A00E7B1E0 /* XMark.swift in Sources */ = {isa = PBXBuildFile; fileRef = 8D18F17D22D5FA5A00E7B1E0 /* XMark.swift */; };
		8D18F18422D60F8200E7B1E0 /* MainScreenViewController.swift in Sources */ = {isa = PBXBuildFile; fileRef = 8D18F18322D60F8200E7B1E0 /* MainScreenViewController.swift */; };
		8D18F18622D60F8C00E7B1E0 /* MainScreenViewController.storyboard in Resources */ = {isa = PBXBuildFile; fileRef = 8D18F18522D60F8C00E7B1E0 /* MainScreenViewController.storyboard */; };
		8D21CD1122DCC8B000EA3948 /* CanvasListViewController.swift in Sources */ = {isa = PBXBuildFile; fileRef = 8D21CD1022DCC8B000EA3948 /* CanvasListViewController.swift */; };
		8D21CD1322DCC8BB00EA3948 /* CanvasListViewController.storyboard in Resources */ = {isa = PBXBuildFile; fileRef = 8D21CD1222DCC8BB00EA3948 /* CanvasListViewController.storyboard */; };
		8D21CD1622DCC99B00EA3948 /* CanvasTableView.swift in Sources */ = {isa = PBXBuildFile; fileRef = 8D21CD1522DCC99B00EA3948 /* CanvasTableView.swift */; };
		8D4C8A2522E0590A00282747 /* UIAlertController+AddCanvas.swift in Sources */ = {isa = PBXBuildFile; fileRef = 8D4C8A2422E0590A00282747 /* UIAlertController+AddCanvas.swift */; };
		8D4C8A2922E070F700282747 /* StorageManager.swift in Sources */ = {isa = PBXBuildFile; fileRef = 8D4C8A2822E070F700282747 /* StorageManager.swift */; };
		8D4C8A2C22E0733C00282747 /* ManagedObjectMapable.swift in Sources */ = {isa = PBXBuildFile; fileRef = 8D4C8A2B22E0733C00282747 /* ManagedObjectMapable.swift */; };
		8D4C8A2E22E0737700282747 /* CanvasEntityMapable.swift in Sources */ = {isa = PBXBuildFile; fileRef = 8D4C8A2D22E0737700282747 /* CanvasEntityMapable.swift */; };
		8D4C8A3222E0980900282747 /* CoreDataEntityMapper.swift in Sources */ = {isa = PBXBuildFile; fileRef = 8D4C8A3122E0980900282747 /* CoreDataEntityMapper.swift */; };
		8D4C8A3422E0984B00282747 /* CoreDataEntityMapper+Canvas.swift in Sources */ = {isa = PBXBuildFile; fileRef = 8D4C8A3322E0984B00282747 /* CoreDataEntityMapper+Canvas.swift */; };
		8D4C8A3622E0A34900282747 /* CoreDataManagerAdapter.swift in Sources */ = {isa = PBXBuildFile; fileRef = 8D4C8A3522E0A34900282747 /* CoreDataManagerAdapter.swift */; };
		8D4C8A3822E0A7B000282747 /* DataBaseAdapter.swift in Sources */ = {isa = PBXBuildFile; fileRef = 8D4C8A3722E0A7B000282747 /* DataBaseAdapter.swift */; };
		8D4C8A3C22E0CC3400282747 /* UIColor+Extension.swift in Sources */ = {isa = PBXBuildFile; fileRef = 8D4C8A3B22E0CC3400282747 /* UIColor+Extension.swift */; };
		8D4D01CF22DF5FB000348F7A /* AtomicProperty.swift in Sources */ = {isa = PBXBuildFile; fileRef = 8D4D01CE22DF5FB000348F7A /* AtomicProperty.swift */; };
		8D4D01D122DF67E100348F7A /* StorageManagerType.swift in Sources */ = {isa = PBXBuildFile; fileRef = 8D4D01D022DF67E100348F7A /* StorageManagerType.swift */; };
		8D4D01D422DF70AF00348F7A /* Canvas.swift in Sources */ = {isa = PBXBuildFile; fileRef = 8D4D01D322DF70AF00348F7A /* Canvas.swift */; };
		8D4D01D622DF719700348F7A /* CanvasModel.swift in Sources */ = {isa = PBXBuildFile; fileRef = 8D4D01D522DF719700348F7A /* CanvasModel.swift */; };
		8D6BAE2822D332E900FF383C /* AppDelegate.swift in Sources */ = {isa = PBXBuildFile; fileRef = 8D6BAE2722D332E900FF383C /* AppDelegate.swift */; };
		8D6BAE2A22D332E900FF383C /* CanvasViewController.swift in Sources */ = {isa = PBXBuildFile; fileRef = 8D6BAE2922D332E900FF383C /* CanvasViewController.swift */; };
		8D6BAE3222D332EA00FF383C /* Assets.xcassets in Resources */ = {isa = PBXBuildFile; fileRef = 8D6BAE3122D332EA00FF383C /* Assets.xcassets */; };
		8D6BAE3522D332EA00FF383C /* LaunchScreen.storyboard in Resources */ = {isa = PBXBuildFile; fileRef = 8D6BAE3322D332EA00FF383C /* LaunchScreen.storyboard */; };
		8D6BAE4022D3456C00FF383C /* Shape.swift in Sources */ = {isa = PBXBuildFile; fileRef = 8D6BAE3F22D3456C00FF383C /* Shape.swift */; };
		8D6BAE4222D345BC00FF383C /* ShapeView.swift in Sources */ = {isa = PBXBuildFile; fileRef = 8D6BAE4122D345BC00FF383C /* ShapeView.swift */; };
		8D6BAE4522D3476500FF383C /* Rectangle.swift in Sources */ = {isa = PBXBuildFile; fileRef = 8D6BAE4422D3476500FF383C /* Rectangle.swift */; };
		8D6BAE4922D357BE00FF383C /* Circle.swift in Sources */ = {isa = PBXBuildFile; fileRef = 8D6BAE4822D357BE00FF383C /* Circle.swift */; };
		8D6BAE4B22D3590500FF383C /* Hexagon.swift in Sources */ = {isa = PBXBuildFile; fileRef = 8D6BAE4A22D3590500FF383C /* Hexagon.swift */; };
		8D6BAE4D22D35B5400FF383C /* Ellipse.swift in Sources */ = {isa = PBXBuildFile; fileRef = 8D6BAE4C22D35B5400FF383C /* Ellipse.swift */; };
		8D6BAE5322D35EFF00FF383C /* GeometryNamespace.swift in Sources */ = {isa = PBXBuildFile; fileRef = 8D6BAE5222D35EFF00FF383C /* GeometryNamespace.swift */; };
		8D6BAE5522D35F1F00FF383C /* CircleGeometry.swift in Sources */ = {isa = PBXBuildFile; fileRef = 8D6BAE5422D35F1F00FF383C /* CircleGeometry.swift */; };
		8D6BAE5722D35FC400FF383C /* RectangleGeometry.swift in Sources */ = {isa = PBXBuildFile; fileRef = 8D6BAE5622D35FC400FF383C /* RectangleGeometry.swift */; };
		8D6BAE5922D3703400FF383C /* AngleGeometry.swift in Sources */ = {isa = PBXBuildFile; fileRef = 8D6BAE5822D3703400FF383C /* AngleGeometry.swift */; };
		8D6BAE5B22D37FC000FF383C /* Triangle.swift in Sources */ = {isa = PBXBuildFile; fileRef = 8D6BAE5A22D37FC000FF383C /* Triangle.swift */; };
		8DB8B0F022E1B7B200EB71D4 /* CanvasListModule.swift in Sources */ = {isa = PBXBuildFile; fileRef = 8DB8B0EF22E1B7B200EB71D4 /* CanvasListModule.swift */; };
		8DB8B0F322E1B8E600EB71D4 /* ViewControllerBasedModule.swift in Sources */ = {isa = PBXBuildFile; fileRef = 8DB8B0F222E1B8E600EB71D4 /* ViewControllerBasedModule.swift */; };
		8DB8B0F522E1BBF300EB71D4 /* CanvasListModuleOutput.swift in Sources */ = {isa = PBXBuildFile; fileRef = 8DB8B0F422E1BBF300EB71D4 /* CanvasListModuleOutput.swift */; };
		8DB8B0F722E1BD5700EB71D4 /* СanvasesListPresenterProtocol.swift in Sources */ = {isa = PBXBuildFile; fileRef = 8DB8B0F622E1BD5700EB71D4 /* СanvasesListPresenterProtocol.swift */; };
		8DB8B0F922E1BEDF00EB71D4 /* CanvasesListPresenter.swift in Sources */ = {isa = PBXBuildFile; fileRef = 8DB8B0F822E1BEDF00EB71D4 /* CanvasesListPresenter.swift */; };
		8DB8B0FB22E1C36E00EB71D4 /* CanvasListView.swift in Sources */ = {isa = PBXBuildFile; fileRef = 8DB8B0FA22E1C36E00EB71D4 /* CanvasListView.swift */; };
		8DB8B0FD22E1DFCC00EB71D4 /* CanvasesListPresenterOutput.swift in Sources */ = {isa = PBXBuildFile; fileRef = 8DB8B0FC22E1DFCC00EB71D4 /* CanvasesListPresenterOutput.swift */; };
		8DB8B10122E1E47B00EB71D4 /* ModulesBuilder.swift in Sources */ = {isa = PBXBuildFile; fileRef = 8DB8B10022E1E47B00EB71D4 /* ModulesBuilder.swift */; };
		8DB8B10322E1E91500EB71D4 /* ModulesAssembler.swift in Sources */ = {isa = PBXBuildFile; fileRef = 8DB8B10222E1E91500EB71D4 /* ModulesAssembler.swift */; };
		8DB8B10922E2044C00EB71D4 /* PushRouter.swift in Sources */ = {isa = PBXBuildFile; fileRef = 8DB8B10822E2044C00EB71D4 /* PushRouter.swift */; };
		8DB8B10B22E205B800EB71D4 /* Router.swift in Sources */ = {isa = PBXBuildFile; fileRef = 8DB8B10A22E205B800EB71D4 /* Router.swift */; };
		8DC0109B22E59E7500010BCA /* Array+Extension.swift in Sources */ = {isa = PBXBuildFile; fileRef = 8DC0109A22E59E7500010BCA /* Array+Extension.swift */; };
		8DC0109D22E59F0E00010BCA /* CanvasTableViewDelegate.swift in Sources */ = {isa = PBXBuildFile; fileRef = 8DC0109C22E59F0E00010BCA /* CanvasTableViewDelegate.swift */; };
		8DC010A022E5B1CF00010BCA /* CanvasListManagementService.swift in Sources */ = {isa = PBXBuildFile; fileRef = 8DC0109F22E5B1CF00010BCA /* CanvasListManagementService.swift */; };
		8DC010A222E5B1F100010BCA /* CanvasListManagementServiceProtocol.swift in Sources */ = {isa = PBXBuildFile; fileRef = 8DC010A122E5B1F100010BCA /* CanvasListManagementServiceProtocol.swift */; };
		8DD103A722D47CC70052B13B /* Star.swift in Sources */ = {isa = PBXBuildFile; fileRef = 8DD103A622D47CC70052B13B /* Star.swift */; };
		8DD103B622D4BCE70052B13B /* CoreDataManager.swift in Sources */ = {isa = PBXBuildFile; fileRef = 8DD103B522D4BCE70052B13B /* CoreDataManager.swift */; };
		8DD103B922D4C7520052B13B /* ManagedObjectModel.xcdatamodeld in Sources */ = {isa = PBXBuildFile; fileRef = 8DD103B722D4C7520052B13B /* ManagedObjectModel.xcdatamodeld */; };
		8DD103BC22D4C8D10052B13B /* Coordinator.swift in Sources */ = {isa = PBXBuildFile; fileRef = 8DD103BB22D4C8D10052B13B /* Coordinator.swift */; };
		8DD103BE22D4C8F30052B13B /* AppCoordinator.swift in Sources */ = {isa = PBXBuildFile; fileRef = 8DD103BD22D4C8F30052B13B /* AppCoordinator.swift */; };
		8DD103C122D4C9A80052B13B /* AppAssemblerType.swift in Sources */ = {isa = PBXBuildFile; fileRef = 8DD103C022D4C9A80052B13B /* AppAssemblerType.swift */; };
		8DD103C322D4E1D90052B13B /* PersistentContainer.swift in Sources */ = {isa = PBXBuildFile; fileRef = 8DD103C222D4E1D90052B13B /* PersistentContainer.swift */; };
		8DF18A2B22D79CFD0090A2FE /* SingleReceiverBinding.swift in Sources */ = {isa = PBXBuildFile; fileRef = 8DF18A2A22D79CFD0090A2FE /* SingleReceiverBinding.swift */; };
/* End PBXBuildFile section */

/* Begin PBXFileReference section */
		8D18F17622D5D0C900E7B1E0 /* AppAssembler.swift */ = {isa = PBXFileReference; lastKnownFileType = sourcecode.swift; path = AppAssembler.swift; sourceTree = "<group>"; };
		8D18F17822D5D29200E7B1E0 /* CanvasViewController.storyboard */ = {isa = PBXFileReference; lastKnownFileType = file.storyboard; path = CanvasViewController.storyboard; sourceTree = "<group>"; };
		8D18F17B22D5D30900E7B1E0 /* UIViewController+StoryboardLoadable.swift */ = {isa = PBXFileReference; lastKnownFileType = sourcecode.swift; path = "UIViewController+StoryboardLoadable.swift"; sourceTree = "<group>"; };
		8D18F17D22D5FA5A00E7B1E0 /* XMark.swift */ = {isa = PBXFileReference; lastKnownFileType = sourcecode.swift; path = XMark.swift; sourceTree = "<group>"; };
		8D18F18322D60F8200E7B1E0 /* MainScreenViewController.swift */ = {isa = PBXFileReference; lastKnownFileType = sourcecode.swift; path = MainScreenViewController.swift; sourceTree = "<group>"; };
		8D18F18522D60F8C00E7B1E0 /* MainScreenViewController.storyboard */ = {isa = PBXFileReference; lastKnownFileType = file.storyboard; path = MainScreenViewController.storyboard; sourceTree = "<group>"; };
		8D21CD1022DCC8B000EA3948 /* CanvasListViewController.swift */ = {isa = PBXFileReference; lastKnownFileType = sourcecode.swift; path = CanvasListViewController.swift; sourceTree = "<group>"; wrapsLines = 0; };
		8D21CD1222DCC8BB00EA3948 /* CanvasListViewController.storyboard */ = {isa = PBXFileReference; lastKnownFileType = file.storyboard; path = CanvasListViewController.storyboard; sourceTree = "<group>"; };
		8D21CD1522DCC99B00EA3948 /* CanvasTableView.swift */ = {isa = PBXFileReference; lastKnownFileType = sourcecode.swift; path = CanvasTableView.swift; sourceTree = "<group>"; };
		8D4C8A2422E0590A00282747 /* UIAlertController+AddCanvas.swift */ = {isa = PBXFileReference; lastKnownFileType = sourcecode.swift; path = "UIAlertController+AddCanvas.swift"; sourceTree = "<group>"; };
		8D4C8A2822E070F700282747 /* StorageManager.swift */ = {isa = PBXFileReference; lastKnownFileType = sourcecode.swift; path = StorageManager.swift; sourceTree = "<group>"; };
		8D4C8A2B22E0733C00282747 /* ManagedObjectMapable.swift */ = {isa = PBXFileReference; lastKnownFileType = sourcecode.swift; path = ManagedObjectMapable.swift; sourceTree = "<group>"; };
		8D4C8A2D22E0737700282747 /* CanvasEntityMapable.swift */ = {isa = PBXFileReference; lastKnownFileType = sourcecode.swift; path = CanvasEntityMapable.swift; sourceTree = "<group>"; };
		8D4C8A3122E0980900282747 /* CoreDataEntityMapper.swift */ = {isa = PBXFileReference; lastKnownFileType = sourcecode.swift; path = CoreDataEntityMapper.swift; sourceTree = "<group>"; };
		8D4C8A3322E0984B00282747 /* CoreDataEntityMapper+Canvas.swift */ = {isa = PBXFileReference; lastKnownFileType = sourcecode.swift; path = "CoreDataEntityMapper+Canvas.swift"; sourceTree = "<group>"; };
		8D4C8A3522E0A34900282747 /* CoreDataManagerAdapter.swift */ = {isa = PBXFileReference; lastKnownFileType = sourcecode.swift; path = CoreDataManagerAdapter.swift; sourceTree = "<group>"; };
		8D4C8A3722E0A7B000282747 /* DataBaseAdapter.swift */ = {isa = PBXFileReference; lastKnownFileType = sourcecode.swift; path = DataBaseAdapter.swift; sourceTree = "<group>"; };
		8D4C8A3B22E0CC3400282747 /* UIColor+Extension.swift */ = {isa = PBXFileReference; lastKnownFileType = sourcecode.swift; path = "UIColor+Extension.swift"; sourceTree = "<group>"; };
		8D4D01CE22DF5FB000348F7A /* AtomicProperty.swift */ = {isa = PBXFileReference; lastKnownFileType = sourcecode.swift; path = AtomicProperty.swift; sourceTree = "<group>"; };
		8D4D01D022DF67E100348F7A /* StorageManagerType.swift */ = {isa = PBXFileReference; lastKnownFileType = sourcecode.swift; path = StorageManagerType.swift; sourceTree = "<group>"; };
		8D4D01D322DF70AF00348F7A /* Canvas.swift */ = {isa = PBXFileReference; lastKnownFileType = sourcecode.swift; path = Canvas.swift; sourceTree = "<group>"; };
		8D4D01D522DF719700348F7A /* CanvasModel.swift */ = {isa = PBXFileReference; lastKnownFileType = sourcecode.swift; path = CanvasModel.swift; sourceTree = "<group>"; };
		8D6BAE2422D332E900FF383C /* Photify.app */ = {isa = PBXFileReference; explicitFileType = wrapper.application; includeInIndex = 0; path = Photify.app; sourceTree = BUILT_PRODUCTS_DIR; };
		8D6BAE2722D332E900FF383C /* AppDelegate.swift */ = {isa = PBXFileReference; lastKnownFileType = sourcecode.swift; path = AppDelegate.swift; sourceTree = "<group>"; wrapsLines = 0; };
		8D6BAE2922D332E900FF383C /* CanvasViewController.swift */ = {isa = PBXFileReference; lastKnownFileType = sourcecode.swift; path = CanvasViewController.swift; sourceTree = "<group>"; };
		8D6BAE3122D332EA00FF383C /* Assets.xcassets */ = {isa = PBXFileReference; lastKnownFileType = folder.assetcatalog; path = Assets.xcassets; sourceTree = "<group>"; };
		8D6BAE3422D332EA00FF383C /* Base */ = {isa = PBXFileReference; lastKnownFileType = file.storyboard; name = Base; path = Base.lproj/LaunchScreen.storyboard; sourceTree = "<group>"; };
		8D6BAE3622D332EA00FF383C /* Info.plist */ = {isa = PBXFileReference; lastKnownFileType = text.plist.xml; path = Info.plist; sourceTree = "<group>"; };
		8D6BAE3F22D3456C00FF383C /* Shape.swift */ = {isa = PBXFileReference; lastKnownFileType = sourcecode.swift; path = Shape.swift; sourceTree = "<group>"; };
		8D6BAE4122D345BC00FF383C /* ShapeView.swift */ = {isa = PBXFileReference; lastKnownFileType = sourcecode.swift; path = ShapeView.swift; sourceTree = "<group>"; };
		8D6BAE4422D3476500FF383C /* Rectangle.swift */ = {isa = PBXFileReference; lastKnownFileType = sourcecode.swift; path = Rectangle.swift; sourceTree = "<group>"; };
		8D6BAE4822D357BE00FF383C /* Circle.swift */ = {isa = PBXFileReference; lastKnownFileType = sourcecode.swift; path = Circle.swift; sourceTree = "<group>"; };
		8D6BAE4A22D3590500FF383C /* Hexagon.swift */ = {isa = PBXFileReference; lastKnownFileType = sourcecode.swift; path = Hexagon.swift; sourceTree = "<group>"; };
		8D6BAE4C22D35B5400FF383C /* Ellipse.swift */ = {isa = PBXFileReference; lastKnownFileType = sourcecode.swift; path = Ellipse.swift; sourceTree = "<group>"; };
		8D6BAE5222D35EFF00FF383C /* GeometryNamespace.swift */ = {isa = PBXFileReference; lastKnownFileType = sourcecode.swift; path = GeometryNamespace.swift; sourceTree = "<group>"; };
		8D6BAE5422D35F1F00FF383C /* CircleGeometry.swift */ = {isa = PBXFileReference; lastKnownFileType = sourcecode.swift; path = CircleGeometry.swift; sourceTree = "<group>"; };
		8D6BAE5622D35FC400FF383C /* RectangleGeometry.swift */ = {isa = PBXFileReference; lastKnownFileType = sourcecode.swift; path = RectangleGeometry.swift; sourceTree = "<group>"; };
		8D6BAE5822D3703400FF383C /* AngleGeometry.swift */ = {isa = PBXFileReference; lastKnownFileType = sourcecode.swift; path = AngleGeometry.swift; sourceTree = "<group>"; };
		8D6BAE5A22D37FC000FF383C /* Triangle.swift */ = {isa = PBXFileReference; lastKnownFileType = sourcecode.swift; path = Triangle.swift; sourceTree = "<group>"; };
		8DB8B0EF22E1B7B200EB71D4 /* CanvasListModule.swift */ = {isa = PBXFileReference; lastKnownFileType = sourcecode.swift; path = CanvasListModule.swift; sourceTree = "<group>"; };
		8DB8B0F222E1B8E600EB71D4 /* ViewControllerBasedModule.swift */ = {isa = PBXFileReference; lastKnownFileType = sourcecode.swift; path = ViewControllerBasedModule.swift; sourceTree = "<group>"; };
		8DB8B0F422E1BBF300EB71D4 /* CanvasListModuleOutput.swift */ = {isa = PBXFileReference; lastKnownFileType = sourcecode.swift; path = CanvasListModuleOutput.swift; sourceTree = "<group>"; };
		8DB8B0F622E1BD5700EB71D4 /* СanvasesListPresenterProtocol.swift */ = {isa = PBXFileReference; lastKnownFileType = sourcecode.swift; path = "СanvasesListPresenterProtocol.swift"; sourceTree = "<group>"; };
		8DB8B0F822E1BEDF00EB71D4 /* CanvasesListPresenter.swift */ = {isa = PBXFileReference; lastKnownFileType = sourcecode.swift; path = CanvasesListPresenter.swift; sourceTree = "<group>"; };
		8DB8B0FA22E1C36E00EB71D4 /* CanvasListView.swift */ = {isa = PBXFileReference; lastKnownFileType = sourcecode.swift; path = CanvasListView.swift; sourceTree = "<group>"; };
		8DB8B0FC22E1DFCC00EB71D4 /* CanvasesListPresenterOutput.swift */ = {isa = PBXFileReference; lastKnownFileType = sourcecode.swift; path = CanvasesListPresenterOutput.swift; sourceTree = "<group>"; };
		8DB8B10022E1E47B00EB71D4 /* ModulesBuilder.swift */ = {isa = PBXFileReference; lastKnownFileType = sourcecode.swift; path = ModulesBuilder.swift; sourceTree = "<group>"; };
		8DB8B10222E1E91500EB71D4 /* ModulesAssembler.swift */ = {isa = PBXFileReference; lastKnownFileType = sourcecode.swift; path = ModulesAssembler.swift; sourceTree = "<group>"; };
		8DB8B10822E2044C00EB71D4 /* PushRouter.swift */ = {isa = PBXFileReference; lastKnownFileType = sourcecode.swift; path = PushRouter.swift; sourceTree = "<group>"; };
		8DB8B10A22E205B800EB71D4 /* Router.swift */ = {isa = PBXFileReference; lastKnownFileType = sourcecode.swift; path = Router.swift; sourceTree = "<group>"; };
		8DC0109A22E59E7500010BCA /* Array+Extension.swift */ = {isa = PBXFileReference; lastKnownFileType = sourcecode.swift; path = "Array+Extension.swift"; sourceTree = "<group>"; };
		8DC0109C22E59F0E00010BCA /* CanvasTableViewDelegate.swift */ = {isa = PBXFileReference; lastKnownFileType = sourcecode.swift; path = CanvasTableViewDelegate.swift; sourceTree = "<group>"; };
		8DC0109F22E5B1CF00010BCA /* CanvasListManagementService.swift */ = {isa = PBXFileReference; lastKnownFileType = sourcecode.swift; path = CanvasListManagementService.swift; sourceTree = "<group>"; };
		8DC010A122E5B1F100010BCA /* CanvasListManagementServiceProtocol.swift */ = {isa = PBXFileReference; lastKnownFileType = sourcecode.swift; path = CanvasListManagementServiceProtocol.swift; sourceTree = "<group>"; };
		8DD103A622D47CC70052B13B /* Star.swift */ = {isa = PBXFileReference; lastKnownFileType = sourcecode.swift; path = Star.swift; sourceTree = "<group>"; };
		8DD103B522D4BCE70052B13B /* CoreDataManager.swift */ = {isa = PBXFileReference; lastKnownFileType = sourcecode.swift; path = CoreDataManager.swift; sourceTree = "<group>"; };
		8DD103B822D4C7520052B13B /* ManagedObjectModel.xcdatamodel */ = {isa = PBXFileReference; lastKnownFileType = wrapper.xcdatamodel; path = ManagedObjectModel.xcdatamodel; sourceTree = "<group>"; };
		8DD103BB22D4C8D10052B13B /* Coordinator.swift */ = {isa = PBXFileReference; lastKnownFileType = sourcecode.swift; path = Coordinator.swift; sourceTree = "<group>"; };
		8DD103BD22D4C8F30052B13B /* AppCoordinator.swift */ = {isa = PBXFileReference; lastKnownFileType = sourcecode.swift; path = AppCoordinator.swift; sourceTree = "<group>"; };
		8DD103C022D4C9A80052B13B /* AppAssemblerType.swift */ = {isa = PBXFileReference; lastKnownFileType = sourcecode.swift; path = AppAssemblerType.swift; sourceTree = "<group>"; };
		8DD103C222D4E1D90052B13B /* PersistentContainer.swift */ = {isa = PBXFileReference; lastKnownFileType = sourcecode.swift; path = PersistentContainer.swift; sourceTree = "<group>"; wrapsLines = 0; };
		8DF18A2A22D79CFD0090A2FE /* SingleReceiverBinding.swift */ = {isa = PBXFileReference; lastKnownFileType = sourcecode.swift; path = SingleReceiverBinding.swift; sourceTree = "<group>"; };
/* End PBXFileReference section */

/* Begin PBXFrameworksBuildPhase section */
		8D6BAE2122D332E900FF383C /* Frameworks */ = {
			isa = PBXFrameworksBuildPhase;
			buildActionMask = 2147483647;
			files = (
			);
			runOnlyForDeploymentPostprocessing = 0;
		};
/* End PBXFrameworksBuildPhase section */

/* Begin PBXGroup section */
		8D18F17A22D5D2F300E7B1E0 /* Extensions */ = {
			isa = PBXGroup;
			children = (
				8D18F17B22D5D30900E7B1E0 /* UIViewController+StoryboardLoadable.swift */,
				8D4C8A2422E0590A00282747 /* UIAlertController+AddCanvas.swift */,
				8D4C8A3B22E0CC3400282747 /* UIColor+Extension.swift */,
				8DC0109A22E59E7500010BCA /* Array+Extension.swift */,
			);
			path = Extensions;
			sourceTree = "<group>";
		};
		8D18F17F22D60F3E00E7B1E0 /* ShapesCanvasView */ = {
			isa = PBXGroup;
			children = (
				8D18F17822D5D29200E7B1E0 /* CanvasViewController.storyboard */,
				8D6BAE2922D332E900FF383C /* CanvasViewController.swift */,
			);
			path = ShapesCanvasView;
			sourceTree = "<group>";
		};
		8D18F18022D60F5400E7B1E0 /* MainView */ = {
			isa = PBXGroup;
			children = (
				8D18F18322D60F8200E7B1E0 /* MainScreenViewController.swift */,
				8D18F18522D60F8C00E7B1E0 /* MainScreenViewController.storyboard */,
			);
			path = MainView;
			sourceTree = "<group>";
		};
		8D21CD0F22DCC88300EA3948 /* CanvasList */ = {
			isa = PBXGroup;
			children = (
				8DB8B0EF22E1B7B200EB71D4 /* CanvasListModule.swift */,
				8DB8B0F422E1BBF300EB71D4 /* CanvasListModuleOutput.swift */,
				8DB8B0E322E1AA2A00EB71D4 /* Presenter */,
				8DB8B0E522E1AA4B00EB71D4 /* View */,
				8D21CD1422DCC95400EA3948 /* CanvasTableView */,
			);
			path = CanvasList;
			sourceTree = "<group>";
		};
		8D21CD1422DCC95400EA3948 /* CanvasTableView */ = {
			isa = PBXGroup;
			children = (
				8D21CD1522DCC99B00EA3948 /* CanvasTableView.swift */,
				8DC0109C22E59F0E00010BCA /* CanvasTableViewDelegate.swift */,
			);
			path = CanvasTableView;
			sourceTree = "<group>";
		};
		8D4C8A2722E070F100282747 /* StorageManager */ = {
			isa = PBXGroup;
			children = (
				8D4D01D022DF67E100348F7A /* StorageManagerType.swift */,
				8D4C8A2822E070F700282747 /* StorageManager.swift */,
				8D4C8A3722E0A7B000282747 /* DataBaseAdapter.swift */,
			);
			path = StorageManager;
			sourceTree = "<group>";
		};
		8D4C8A2A22E072EF00282747 /* Adapter */ = {
			isa = PBXGroup;
			children = (
				8D4C8A3922E0A7E800282747 /* Mapping */,
				8D4C8A3522E0A34900282747 /* CoreDataManagerAdapter.swift */,
			);
			path = Adapter;
			sourceTree = "<group>";
		};
		8D4C8A2F22E097C800282747 /* Interface */ = {
			isa = PBXGroup;
			children = (
				8D4C8A2B22E0733C00282747 /* ManagedObjectMapable.swift */,
				8D4C8A2D22E0737700282747 /* CanvasEntityMapable.swift */,
			);
			path = Interface;
			sourceTree = "<group>";
		};
		8D4C8A3022E097D300282747 /* Implementation */ = {
			isa = PBXGroup;
			children = (
				8D4C8A3122E0980900282747 /* CoreDataEntityMapper.swift */,
				8D4C8A3322E0984B00282747 /* CoreDataEntityMapper+Canvas.swift */,
			);
			path = Implementation;
			sourceTree = "<group>";
		};
		8D4C8A3922E0A7E800282747 /* Mapping */ = {
			isa = PBXGroup;
			children = (
				8D4C8A2F22E097C800282747 /* Interface */,
				8D4C8A3022E097D300282747 /* Implementation */,
			);
			path = Mapping;
			sourceTree = "<group>";
		};
		8D4D01D222DF70A200348F7A /* Canvas */ = {
			isa = PBXGroup;
			children = (
				8D4D01D522DF719700348F7A /* CanvasModel.swift */,
				8D4D01D322DF70AF00348F7A /* Canvas.swift */,
			);
			path = Canvas;
			sourceTree = "<group>";
		};
		8D6BAE1B22D332E900FF383C = {
			isa = PBXGroup;
			children = (
				8D6BAE2622D332E900FF383C /* Photify */,
				8D6BAE2522D332E900FF383C /* Products */,
			);
			sourceTree = "<group>";
		};
		8D6BAE2522D332E900FF383C /* Products */ = {
			isa = PBXGroup;
			children = (
				8D6BAE2422D332E900FF383C /* Photify.app */,
			);
			name = Products;
			sourceTree = "<group>";
		};
		8D6BAE2622D332E900FF383C /* Photify */ = {
			isa = PBXGroup;
			children = (
				8D6BAE3C22D340D100FF383C /* Main */,
				8D6BAE6022D39BCC00FF383C /* Screens */,
				8DB8B0ED22E1B4EC00EB71D4 /* Drawing */,
				8DB8B0E822E1AD3700EB71D4 /* Services */,
				8DB8B0EC22E1B44D00EB71D4 /* CoreServices */,
				8DD103B322D4BCBE0052B13B /* Core */,
				8DD103A822D494E10052B13B /* Models */,
				8DB8B0F122E1B7C500EB71D4 /* Protocols */,
				8D18F17A22D5D2F300E7B1E0 /* Extensions */,
				8DB8B0EA22E1B38100EB71D4 /* Utility */,
				8D6BAE3D22D340E100FF383C /* Resources */,
			);
			path = Photify;
			sourceTree = "<group>";
		};
		8D6BAE3C22D340D100FF383C /* Main */ = {
			isa = PBXGroup;
			children = (
				8DB8B10722E2043500EB71D4 /* Router */,
				8DD103BF22D4C9660052B13B /* Assemblers */,
				8DD103BA22D4C8B90052B13B /* Coordinator */,
				8D6BAE2722D332E900FF383C /* AppDelegate.swift */,
			);
			path = Main;
			sourceTree = "<group>";
		};
		8D6BAE3D22D340E100FF383C /* Resources */ = {
			isa = PBXGroup;
			children = (
				8D6BAE3122D332EA00FF383C /* Assets.xcassets */,
				8D6BAE3322D332EA00FF383C /* LaunchScreen.storyboard */,
				8D6BAE3622D332EA00FF383C /* Info.plist */,
			);
			path = Resources;
			sourceTree = "<group>";
		};
		8D6BAE4322D3474E00FF383C /* Shapes */ = {
			isa = PBXGroup;
			children = (
				8D6BAE3F22D3456C00FF383C /* Shape.swift */,
				8D6BAE4422D3476500FF383C /* Rectangle.swift */,
				8D6BAE4822D357BE00FF383C /* Circle.swift */,
				8D6BAE4C22D35B5400FF383C /* Ellipse.swift */,
				8D6BAE4A22D3590500FF383C /* Hexagon.swift */,
				8D6BAE5A22D37FC000FF383C /* Triangle.swift */,
				8DD103A622D47CC70052B13B /* Star.swift */,
				8D18F17D22D5FA5A00E7B1E0 /* XMark.swift */,
			);
			path = Shapes;
			sourceTree = "<group>";
		};
		8D6BAE4E22D35D5600FF383C /* ShapeView */ = {
			isa = PBXGroup;
			children = (
				8D6BAE4122D345BC00FF383C /* ShapeView.swift */,
			);
			path = ShapeView;
			sourceTree = "<group>";
		};
		8D6BAE5122D35EE500FF383C /* Geometry */ = {
			isa = PBXGroup;
			children = (
				8D6BAE5222D35EFF00FF383C /* GeometryNamespace.swift */,
				8D6BAE5422D35F1F00FF383C /* CircleGeometry.swift */,
				8D6BAE5622D35FC400FF383C /* RectangleGeometry.swift */,
				8D6BAE5822D3703400FF383C /* AngleGeometry.swift */,
			);
			path = Geometry;
			sourceTree = "<group>";
		};
		8D6BAE6022D39BCC00FF383C /* Screens */ = {
			isa = PBXGroup;
			children = (
				8D21CD0F22DCC88300EA3948 /* CanvasList */,
				8D18F18022D60F5400E7B1E0 /* MainView */,
				8D18F17F22D60F3E00E7B1E0 /* ShapesCanvasView */,
			);
			path = Screens;
			sourceTree = "<group>";
		};
		8DB8B0E322E1AA2A00EB71D4 /* Presenter */ = {
			isa = PBXGroup;
			children = (
				8DB8B0F622E1BD5700EB71D4 /* СanvasesListPresenterProtocol.swift */,
				8DB8B0F822E1BEDF00EB71D4 /* CanvasesListPresenter.swift */,
				8DB8B0FC22E1DFCC00EB71D4 /* CanvasesListPresenterOutput.swift */,
			);
			path = Presenter;
			sourceTree = "<group>";
		};
		8DB8B0E522E1AA4B00EB71D4 /* View */ = {
			isa = PBXGroup;
			children = (
				8DB8B0FA22E1C36E00EB71D4 /* CanvasListView.swift */,
				8D21CD1022DCC8B000EA3948 /* CanvasListViewController.swift */,
				8D21CD1222DCC8BB00EA3948 /* CanvasListViewController.storyboard */,
			);
			path = View;
			sourceTree = "<group>";
		};
		8DB8B0E822E1AD3700EB71D4 /* Services */ = {
			isa = PBXGroup;
			children = (
				8DC0109E22E5B17B00010BCA /* CanvasListManagementService */,
			);
			path = Services;
			sourceTree = "<group>";
		};
		8DB8B0EA22E1B38100EB71D4 /* Utility */ = {
			isa = PBXGroup;
			children = (
				8DF18A2A22D79CFD0090A2FE /* SingleReceiverBinding.swift */,
				8D4D01CE22DF5FB000348F7A /* AtomicProperty.swift */,
			);
			name = Utility;
			path = Core/Utility;
			sourceTree = "<group>";
		};
		8DB8B0EB22E1B3BF00EB71D4 /* Shapes */ = {
			isa = PBXGroup;
			children = (
				8D6BAE4322D3474E00FF383C /* Shapes */,
				8D6BAE4E22D35D5600FF383C /* ShapeView */,
			);
			path = Shapes;
			sourceTree = "<group>";
		};
		8DB8B0EC22E1B44D00EB71D4 /* CoreServices */ = {
			isa = PBXGroup;
			children = (
				8D4C8A2722E070F100282747 /* StorageManager */,
			);
			path = CoreServices;
			sourceTree = "<group>";
		};
		8DB8B0ED22E1B4EC00EB71D4 /* Drawing */ = {
			isa = PBXGroup;
			children = (
				8D6BAE5122D35EE500FF383C /* Geometry */,
				8DB8B0EB22E1B3BF00EB71D4 /* Shapes */,
			);
			path = Drawing;
			sourceTree = "<group>";
		};
		8DB8B0F122E1B7C500EB71D4 /* Protocols */ = {
			isa = PBXGroup;
			children = (
				8DB8B0F222E1B8E600EB71D4 /* ViewControllerBasedModule.swift */,
			);
			path = Protocols;
			sourceTree = "<group>";
		};
		8DB8B0FE22E1E3B100EB71D4 /* AppAssemblers */ = {
			isa = PBXGroup;
			children = (
				8DD103C022D4C9A80052B13B /* AppAssemblerType.swift */,
				8D18F17622D5D0C900E7B1E0 /* AppAssembler.swift */,
			);
			path = AppAssemblers;
			sourceTree = "<group>";
		};
		8DB8B0FF22E1E3BB00EB71D4 /* ModulesAssembler */ = {
			isa = PBXGroup;
			children = (
				8DB8B10022E1E47B00EB71D4 /* ModulesBuilder.swift */,
				8DB8B10222E1E91500EB71D4 /* ModulesAssembler.swift */,
			);
			path = ModulesAssembler;
			sourceTree = "<group>";
		};
		8DB8B10722E2043500EB71D4 /* Router */ = {
			isa = PBXGroup;
			children = (
				8DB8B10822E2044C00EB71D4 /* PushRouter.swift */,
				8DB8B10A22E205B800EB71D4 /* Router.swift */,
			);
			path = Router;
			sourceTree = "<group>";
		};
		8DC0109E22E5B17B00010BCA /* CanvasListManagementService */ = {
			isa = PBXGroup;
			children = (
				8DC0109F22E5B1CF00010BCA /* CanvasListManagementService.swift */,
				8DC010A122E5B1F100010BCA /* CanvasListManagementServiceProtocol.swift */,
			);
			path = CanvasListManagementService;
			sourceTree = "<group>";
		};
		8DD103A822D494E10052B13B /* Models */ = {
			isa = PBXGroup;
			children = (
				8D4D01D222DF70A200348F7A /* Canvas */,
			);
			path = Models;
			sourceTree = "<group>";
		};
		8DD103B322D4BCBE0052B13B /* Core */ = {
			isa = PBXGroup;
			children = (
				8DD103B422D4BCCB0052B13B /* DataBase */,
			);
			path = Core;
			sourceTree = "<group>";
		};
		8DD103B422D4BCCB0052B13B /* DataBase */ = {
			isa = PBXGroup;
			children = (
				8D4C8A2A22E072EF00282747 /* Adapter */,
				8DD103B522D4BCE70052B13B /* CoreDataManager.swift */,
				8DD103C222D4E1D90052B13B /* PersistentContainer.swift */,
				8DD103B722D4C7520052B13B /* ManagedObjectModel.xcdatamodeld */,
			);
			path = DataBase;
			sourceTree = "<group>";
		};
		8DD103BA22D4C8B90052B13B /* Coordinator */ = {
			isa = PBXGroup;
			children = (
				8DD103BB22D4C8D10052B13B /* Coordinator.swift */,
				8DD103BD22D4C8F30052B13B /* AppCoordinator.swift */,
			);
			path = Coordinator;
			sourceTree = "<group>";
		};
		8DD103BF22D4C9660052B13B /* Assemblers */ = {
			isa = PBXGroup;
			children = (
				8DB8B0FF22E1E3BB00EB71D4 /* ModulesAssembler */,
				8DB8B0FE22E1E3B100EB71D4 /* AppAssemblers */,
			);
			path = Assemblers;
			sourceTree = "<group>";
		};
/* End PBXGroup section */

/* Begin PBXNativeTarget section */
		8D6BAE2322D332E900FF383C /* Photify */ = {
			isa = PBXNativeTarget;
			buildConfigurationList = 8D6BAE3922D332EA00FF383C /* Build configuration list for PBXNativeTarget "Photify" */;
			buildPhases = (
				8D6BAE2022D332E900FF383C /* Sources */,
				8D6BAE2122D332E900FF383C /* Frameworks */,
				8D6BAE2222D332E900FF383C /* Resources */,
			);
			buildRules = (
			);
			dependencies = (
			);
			name = Photify;
			productName = Photify;
			productReference = 8D6BAE2422D332E900FF383C /* Photify.app */;
			productType = "com.apple.product-type.application";
		};
/* End PBXNativeTarget section */

/* Begin PBXProject section */
		8D6BAE1C22D332E900FF383C /* Project object */ = {
			isa = PBXProject;
			attributes = {
				LastSwiftUpdateCheck = 1020;
				LastUpgradeCheck = 1020;
				ORGANIZATIONNAME = Galushka;
				TargetAttributes = {
					8D6BAE2322D332E900FF383C = {
						CreatedOnToolsVersion = 10.2.1;
					};
				};
			};
			buildConfigurationList = 8D6BAE1F22D332E900FF383C /* Build configuration list for PBXProject "Photify" */;
			compatibilityVersion = "Xcode 9.3";
			developmentRegion = en;
			hasScannedForEncodings = 0;
			knownRegions = (
				en,
				Base,
			);
			mainGroup = 8D6BAE1B22D332E900FF383C;
			productRefGroup = 8D6BAE2522D332E900FF383C /* Products */;
			projectDirPath = "";
			projectRoot = "";
			targets = (
				8D6BAE2322D332E900FF383C /* Photify */,
			);
		};
/* End PBXProject section */

/* Begin PBXResourcesBuildPhase section */
		8D6BAE2222D332E900FF383C /* Resources */ = {
			isa = PBXResourcesBuildPhase;
			buildActionMask = 2147483647;
			files = (
				8D6BAE3522D332EA00FF383C /* LaunchScreen.storyboard in Resources */,
				8D18F17922D5D29200E7B1E0 /* CanvasViewController.storyboard in Resources */,
				8D18F18622D60F8C00E7B1E0 /* MainScreenViewController.storyboard in Resources */,
				8D21CD1322DCC8BB00EA3948 /* CanvasListViewController.storyboard in Resources */,
				8D6BAE3222D332EA00FF383C /* Assets.xcassets in Resources */,
			);
			runOnlyForDeploymentPostprocessing = 0;
		};
/* End PBXResourcesBuildPhase section */

/* Begin PBXSourcesBuildPhase section */
		8D6BAE2022D332E900FF383C /* Sources */ = {
			isa = PBXSourcesBuildPhase;
			buildActionMask = 2147483647;
			files = (
				8DC0109D22E59F0E00010BCA /* CanvasTableViewDelegate.swift in Sources */,
				8D4C8A3422E0984B00282747 /* CoreDataEntityMapper+Canvas.swift in Sources */,
				8DF18A2B22D79CFD0090A2FE /* SingleReceiverBinding.swift in Sources */,
				8D6BAE4222D345BC00FF383C /* ShapeView.swift in Sources */,
				8D6BAE5922D3703400FF383C /* AngleGeometry.swift in Sources */,
				8DB8B0F522E1BBF300EB71D4 /* CanvasListModuleOutput.swift in Sources */,
				8D6BAE5522D35F1F00FF383C /* CircleGeometry.swift in Sources */,
				8D6BAE4922D357BE00FF383C /* Circle.swift in Sources */,
				8D6BAE5722D35FC400FF383C /* RectangleGeometry.swift in Sources */,
				8D4C8A3222E0980900282747 /* CoreDataEntityMapper.swift in Sources */,
				8D18F18422D60F8200E7B1E0 /* MainScreenViewController.swift in Sources */,
				8DB8B10B22E205B800EB71D4 /* Router.swift in Sources */,
				8DC0109B22E59E7500010BCA /* Array+Extension.swift in Sources */,
				8DB8B0FB22E1C36E00EB71D4 /* CanvasListView.swift in Sources */,
				8D6BAE4B22D3590500FF383C /* Hexagon.swift in Sources */,
				8D18F17722D5D0C900E7B1E0 /* AppAssembler.swift in Sources */,
				8D6BAE2A22D332E900FF383C /* CanvasViewController.swift in Sources */,
				8DB8B10322E1E91500EB71D4 /* ModulesAssembler.swift in Sources */,
				8D4C8A2522E0590A00282747 /* UIAlertController+AddCanvas.swift in Sources */,
				8D6BAE5322D35EFF00FF383C /* GeometryNamespace.swift in Sources */,
				8D18F17E22D5FA5A00E7B1E0 /* XMark.swift in Sources */,
				8DB8B0F722E1BD5700EB71D4 /* СanvasesListPresenterProtocol.swift in Sources */,
				8DD103B922D4C7520052B13B /* ManagedObjectModel.xcdatamodeld in Sources */,
				8D4D01D422DF70AF00348F7A /* Canvas.swift in Sources */,
				8D6BAE4522D3476500FF383C /* Rectangle.swift in Sources */,
				8D4C8A2922E070F700282747 /* StorageManager.swift in Sources */,
				8DB8B0F022E1B7B200EB71D4 /* CanvasListModule.swift in Sources */,
				8D6BAE4D22D35B5400FF383C /* Ellipse.swift in Sources */,
				8D21CD1122DCC8B000EA3948 /* CanvasListViewController.swift in Sources */,
				8DD103C322D4E1D90052B13B /* PersistentContainer.swift in Sources */,
				8D6BAE2822D332E900FF383C /* AppDelegate.swift in Sources */,
				8DB8B10922E2044C00EB71D4 /* PushRouter.swift in Sources */,
				8D4D01CF22DF5FB000348F7A /* AtomicProperty.swift in Sources */,
				8DD103BC22D4C8D10052B13B /* Coordinator.swift in Sources */,
				8DC010A222E5B1F100010BCA /* CanvasListManagementServiceProtocol.swift in Sources */,
				8D21CD1622DCC99B00EA3948 /* CanvasTableView.swift in Sources */,
				8DD103C122D4C9A80052B13B /* AppAssemblerType.swift in Sources */,
				8DB8B0F322E1B8E600EB71D4 /* ViewControllerBasedModule.swift in Sources */,
				8D6BAE5B22D37FC000FF383C /* Triangle.swift in Sources */,
				8DB8B0FD22E1DFCC00EB71D4 /* CanvasesListPresenterOutput.swift in Sources */,
				8D4C8A2C22E0733C00282747 /* ManagedObjectMapable.swift in Sources */,
				8D4D01D622DF719700348F7A /* CanvasModel.swift in Sources */,
				8D18F17C22D5D30900E7B1E0 /* UIViewController+StoryboardLoadable.swift in Sources */,
				8DC010A022E5B1CF00010BCA /* CanvasListManagementService.swift in Sources */,
				8DB8B0F922E1BEDF00EB71D4 /* CanvasesListPresenter.swift in Sources */,
				8D4C8A2E22E0737700282747 /* CanvasEntityMapable.swift in Sources */,
				8D4C8A3622E0A34900282747 /* CoreDataManagerAdapter.swift in Sources */,
				8DB8B10122E1E47B00EB71D4 /* ModulesBuilder.swift in Sources */,
				8DD103BE22D4C8F30052B13B /* AppCoordinator.swift in Sources */,
				8D6BAE4022D3456C00FF383C /* Shape.swift in Sources */,
				8D4D01D122DF67E100348F7A /* StorageManagerType.swift in Sources */,
				8DD103B622D4BCE70052B13B /* CoreDataManager.swift in Sources */,
				8DD103A722D47CC70052B13B /* Star.swift in Sources */,
				8D4C8A3822E0A7B000282747 /* DataBaseAdapter.swift in Sources */,
				8D4C8A3C22E0CC3400282747 /* UIColor+Extension.swift in Sources */,
			);
			runOnlyForDeploymentPostprocessing = 0;
		};
/* End PBXSourcesBuildPhase section */

/* Begin PBXVariantGroup section */
		8D6BAE3322D332EA00FF383C /* LaunchScreen.storyboard */ = {
			isa = PBXVariantGroup;
			children = (
				8D6BAE3422D332EA00FF383C /* Base */,
			);
			name = LaunchScreen.storyboard;
			sourceTree = "<group>";
		};
/* End PBXVariantGroup section */

/* Begin XCBuildConfiguration section */
		8D6BAE3722D332EA00FF383C /* Debug */ = {
			isa = XCBuildConfiguration;
			buildSettings = {
				ALWAYS_SEARCH_USER_PATHS = NO;
				CLANG_ANALYZER_NONNULL = YES;
				CLANG_ANALYZER_NUMBER_OBJECT_CONVERSION = YES_AGGRESSIVE;
				CLANG_CXX_LANGUAGE_STANDARD = "gnu++14";
				CLANG_CXX_LIBRARY = "libc++";
				CLANG_ENABLE_MODULES = YES;
				CLANG_ENABLE_OBJC_ARC = YES;
				CLANG_ENABLE_OBJC_WEAK = YES;
				CLANG_WARN_BLOCK_CAPTURE_AUTORELEASING = YES;
				CLANG_WARN_BOOL_CONVERSION = YES;
				CLANG_WARN_COMMA = YES;
				CLANG_WARN_CONSTANT_CONVERSION = YES;
				CLANG_WARN_DEPRECATED_OBJC_IMPLEMENTATIONS = YES;
				CLANG_WARN_DIRECT_OBJC_ISA_USAGE = YES_ERROR;
				CLANG_WARN_DOCUMENTATION_COMMENTS = YES;
				CLANG_WARN_EMPTY_BODY = YES;
				CLANG_WARN_ENUM_CONVERSION = YES;
				CLANG_WARN_INFINITE_RECURSION = YES;
				CLANG_WARN_INT_CONVERSION = YES;
				CLANG_WARN_NON_LITERAL_NULL_CONVERSION = YES;
				CLANG_WARN_OBJC_IMPLICIT_RETAIN_SELF = YES;
				CLANG_WARN_OBJC_LITERAL_CONVERSION = YES;
				CLANG_WARN_OBJC_ROOT_CLASS = YES_ERROR;
				CLANG_WARN_RANGE_LOOP_ANALYSIS = YES;
				CLANG_WARN_STRICT_PROTOTYPES = YES;
				CLANG_WARN_SUSPICIOUS_MOVE = YES;
				CLANG_WARN_UNGUARDED_AVAILABILITY = YES_AGGRESSIVE;
				CLANG_WARN_UNREACHABLE_CODE = YES;
				CLANG_WARN__DUPLICATE_METHOD_MATCH = YES;
				CODE_SIGN_IDENTITY = "iPhone Developer";
				COPY_PHASE_STRIP = NO;
				DEBUG_INFORMATION_FORMAT = dwarf;
				ENABLE_STRICT_OBJC_MSGSEND = YES;
				ENABLE_TESTABILITY = YES;
				GCC_C_LANGUAGE_STANDARD = gnu11;
				GCC_DYNAMIC_NO_PIC = NO;
				GCC_NO_COMMON_BLOCKS = YES;
				GCC_OPTIMIZATION_LEVEL = 0;
				GCC_PREPROCESSOR_DEFINITIONS = (
					"DEBUG=1",
					"$(inherited)",
				);
				GCC_WARN_64_TO_32_BIT_CONVERSION = YES;
				GCC_WARN_ABOUT_RETURN_TYPE = YES_ERROR;
				GCC_WARN_UNDECLARED_SELECTOR = YES;
				GCC_WARN_UNINITIALIZED_AUTOS = YES_AGGRESSIVE;
				GCC_WARN_UNUSED_FUNCTION = YES;
				GCC_WARN_UNUSED_VARIABLE = YES;
				IPHONEOS_DEPLOYMENT_TARGET = 12.2;
				MTL_ENABLE_DEBUG_INFO = INCLUDE_SOURCE;
				MTL_FAST_MATH = YES;
				ONLY_ACTIVE_ARCH = YES;
				SDKROOT = iphoneos;
				SWIFT_ACTIVE_COMPILATION_CONDITIONS = DEBUG;
				SWIFT_OPTIMIZATION_LEVEL = "-Onone";
			};
			name = Debug;
		};
		8D6BAE3822D332EA00FF383C /* Release */ = {
			isa = XCBuildConfiguration;
			buildSettings = {
				ALWAYS_SEARCH_USER_PATHS = NO;
				CLANG_ANALYZER_NONNULL = YES;
				CLANG_ANALYZER_NUMBER_OBJECT_CONVERSION = YES_AGGRESSIVE;
				CLANG_CXX_LANGUAGE_STANDARD = "gnu++14";
				CLANG_CXX_LIBRARY = "libc++";
				CLANG_ENABLE_MODULES = YES;
				CLANG_ENABLE_OBJC_ARC = YES;
				CLANG_ENABLE_OBJC_WEAK = YES;
				CLANG_WARN_BLOCK_CAPTURE_AUTORELEASING = YES;
				CLANG_WARN_BOOL_CONVERSION = YES;
				CLANG_WARN_COMMA = YES;
				CLANG_WARN_CONSTANT_CONVERSION = YES;
				CLANG_WARN_DEPRECATED_OBJC_IMPLEMENTATIONS = YES;
				CLANG_WARN_DIRECT_OBJC_ISA_USAGE = YES_ERROR;
				CLANG_WARN_DOCUMENTATION_COMMENTS = YES;
				CLANG_WARN_EMPTY_BODY = YES;
				CLANG_WARN_ENUM_CONVERSION = YES;
				CLANG_WARN_INFINITE_RECURSION = YES;
				CLANG_WARN_INT_CONVERSION = YES;
				CLANG_WARN_NON_LITERAL_NULL_CONVERSION = YES;
				CLANG_WARN_OBJC_IMPLICIT_RETAIN_SELF = YES;
				CLANG_WARN_OBJC_LITERAL_CONVERSION = YES;
				CLANG_WARN_OBJC_ROOT_CLASS = YES_ERROR;
				CLANG_WARN_RANGE_LOOP_ANALYSIS = YES;
				CLANG_WARN_STRICT_PROTOTYPES = YES;
				CLANG_WARN_SUSPICIOUS_MOVE = YES;
				CLANG_WARN_UNGUARDED_AVAILABILITY = YES_AGGRESSIVE;
				CLANG_WARN_UNREACHABLE_CODE = YES;
				CLANG_WARN__DUPLICATE_METHOD_MATCH = YES;
				CODE_SIGN_IDENTITY = "iPhone Developer";
				COPY_PHASE_STRIP = NO;
				DEBUG_INFORMATION_FORMAT = "dwarf-with-dsym";
				ENABLE_NS_ASSERTIONS = NO;
				ENABLE_STRICT_OBJC_MSGSEND = YES;
				GCC_C_LANGUAGE_STANDARD = gnu11;
				GCC_NO_COMMON_BLOCKS = YES;
				GCC_WARN_64_TO_32_BIT_CONVERSION = YES;
				GCC_WARN_ABOUT_RETURN_TYPE = YES_ERROR;
				GCC_WARN_UNDECLARED_SELECTOR = YES;
				GCC_WARN_UNINITIALIZED_AUTOS = YES_AGGRESSIVE;
				GCC_WARN_UNUSED_FUNCTION = YES;
				GCC_WARN_UNUSED_VARIABLE = YES;
				IPHONEOS_DEPLOYMENT_TARGET = 12.2;
				MTL_ENABLE_DEBUG_INFO = NO;
				MTL_FAST_MATH = YES;
				SDKROOT = iphoneos;
				SWIFT_COMPILATION_MODE = wholemodule;
				SWIFT_OPTIMIZATION_LEVEL = "-O";
				VALIDATE_PRODUCT = YES;
			};
			name = Release;
		};
		8D6BAE3A22D332EA00FF383C /* Debug */ = {
			isa = XCBuildConfiguration;
			buildSettings = {
				ASSETCATALOG_COMPILER_APPICON_NAME = AppIcon;
				CODE_SIGN_STYLE = Automatic;
				DEVELOPMENT_TEAM = YDDE2DY87F;
				GCC_OPTIMIZATION_LEVEL = fast;
				INFOPLIST_FILE = Photify/Resources/Info.plist;
				IPHONEOS_DEPLOYMENT_TARGET = 12;
				LD_RUNPATH_SEARCH_PATHS = (
					"$(inherited)",
					"@executable_path/Frameworks",
				);
				PRODUCT_BUNDLE_IDENTIFIER = Galushka.Photify;
				PRODUCT_NAME = "$(TARGET_NAME)";
				SWIFT_VERSION = 5.0;
				TARGETED_DEVICE_FAMILY = 2;
			};
			name = Debug;
		};
		8D6BAE3B22D332EA00FF383C /* Release */ = {
			isa = XCBuildConfiguration;
			buildSettings = {
				ASSETCATALOG_COMPILER_APPICON_NAME = AppIcon;
				CODE_SIGN_STYLE = Automatic;
				DEVELOPMENT_TEAM = YDDE2DY87F;
				INFOPLIST_FILE = Photify/Resources/Info.plist;
				IPHONEOS_DEPLOYMENT_TARGET = 12;
				LD_RUNPATH_SEARCH_PATHS = (
					"$(inherited)",
					"@executable_path/Frameworks",
				);
				PRODUCT_BUNDLE_IDENTIFIER = Galushka.Photify;
				PRODUCT_NAME = "$(TARGET_NAME)";
				SWIFT_VERSION = 5.0;
				TARGETED_DEVICE_FAMILY = 2;
			};
			name = Release;
		};
/* End XCBuildConfiguration section */

/* Begin XCConfigurationList section */
		8D6BAE1F22D332E900FF383C /* Build configuration list for PBXProject "Photify" */ = {
			isa = XCConfigurationList;
			buildConfigurations = (
				8D6BAE3722D332EA00FF383C /* Debug */,
				8D6BAE3822D332EA00FF383C /* Release */,
			);
			defaultConfigurationIsVisible = 0;
			defaultConfigurationName = Release;
		};
		8D6BAE3922D332EA00FF383C /* Build configuration list for PBXNativeTarget "Photify" */ = {
			isa = XCConfigurationList;
			buildConfigurations = (
				8D6BAE3A22D332EA00FF383C /* Debug */,
				8D6BAE3B22D332EA00FF383C /* Release */,
			);
			defaultConfigurationIsVisible = 0;
			defaultConfigurationName = Release;
		};
/* End XCConfigurationList section */

/* Begin XCVersionGroup section */
		8DD103B722D4C7520052B13B /* ManagedObjectModel.xcdatamodeld */ = {
			isa = XCVersionGroup;
			children = (
				8DD103B822D4C7520052B13B /* ManagedObjectModel.xcdatamodel */,
			);
			currentVersion = 8DD103B822D4C7520052B13B /* ManagedObjectModel.xcdatamodel */;
			path = ManagedObjectModel.xcdatamodeld;
			sourceTree = "<group>";
			versionGroupType = wrapper.xcdatamodel;
		};
/* End XCVersionGroup section */
	};
	rootObject = 8D6BAE1C22D332E900FF383C /* Project object */;
}
