// !$*UTF8*$!
{
	archiveVersion = 1;
	classes = {
	};
	objectVersion = 50;
	objects = {

/* Begin PBXBuildFile section */
		8D05706A230D62A60040366D /* CenteredContentScrollView.swift in Sources */ = {isa = PBXBuildFile; fileRef = 8D057069230D62A60040366D /* CenteredContentScrollView.swift */; };
		8D05706C230D65420040366D /* CanvasScrollView.swift in Sources */ = {isa = PBXBuildFile; fileRef = 8D05706B230D65420040366D /* CanvasScrollView.swift */; };
		8D07E0D3230699D900E2E0D0 /* DebugPrint.swift in Sources */ = {isa = PBXBuildFile; fileRef = 8D07E0D2230699D900E2E0D0 /* DebugPrint.swift */; };
		8D07E0ED2306F6D600E2E0D0 /* CanvasRendererView.swift in Sources */ = {isa = PBXBuildFile; fileRef = 8D07E0EC2306F6D600E2E0D0 /* CanvasRendererView.swift */; };
		8D0934F022F488800040F3B2 /* CanvasDTO.swift in Sources */ = {isa = PBXBuildFile; fileRef = 8D0934EF22F488800040F3B2 /* CanvasDTO.swift */; };
		8D0934F222F48A410040F3B2 /* ShapeViewDTO.swift in Sources */ = {isa = PBXBuildFile; fileRef = 8D0934F122F48A410040F3B2 /* ShapeViewDTO.swift */; };
		8D09350222F4A6F50040F3B2 /* DataStorage.h in Headers */ = {isa = PBXBuildFile; fileRef = 8DD4246122F3018C003122B4 /* DataStorage.h */; settings = {ATTRIBUTES = (Public, ); }; };
		8D09351222F4AEEE0040F3B2 /* ManagedObjectModel.xcdatamodeld in Sources */ = {isa = PBXBuildFile; fileRef = 8DD4248C22F3022D003122B4 /* ManagedObjectModel.xcdatamodeld */; };
		8D0C0F9E22F8100A00231D37 /* StorageModelsTranslatable.swift in Sources */ = {isa = PBXBuildFile; fileRef = 8D0C0F9D22F8100A00231D37 /* StorageModelsTranslatable.swift */; };
		8D0C0FA022F8113400231D37 /* StorageModelsTranslator+Canvas.swift in Sources */ = {isa = PBXBuildFile; fileRef = 8D0C0F9F22F8113400231D37 /* StorageModelsTranslator+Canvas.swift */; };
		8D0C0FA422F834BB00231D37 /* DataStorage.framework in Frameworks */ = {isa = PBXBuildFile; fileRef = 8DD4245F22F3018C003122B4 /* DataStorage.framework */; };
		8D0C0FA522F834BB00231D37 /* DataStorage.framework in Embed Frameworks */ = {isa = PBXBuildFile; fileRef = 8DD4245F22F3018C003122B4 /* DataStorage.framework */; settings = {ATTRIBUTES = (CodeSignOnCopy, RemoveHeadersOnCopy, ); }; };
		8D0C0FAB22F869E400231D37 /* ShapeViewMapable.swift in Sources */ = {isa = PBXBuildFile; fileRef = 8D0C0FAA22F869E400231D37 /* ShapeViewMapable.swift */; };
		8D0C0FAD22F86F6C00231D37 /* CoreDataEntityMapper+ShapeView.swift in Sources */ = {isa = PBXBuildFile; fileRef = 8D0C0FAC22F86F6C00231D37 /* CoreDataEntityMapper+ShapeView.swift */; };
		8D0C0FB122F8886300231D37 /* DesignNamespace.swift in Sources */ = {isa = PBXBuildFile; fileRef = 8D0C0FB022F8886300231D37 /* DesignNamespace.swift */; };
		8D0C0FB322F8888400231D37 /* Design+Colors.swift in Sources */ = {isa = PBXBuildFile; fileRef = 8D0C0FB222F8888400231D37 /* Design+Colors.swift */; };
		8D0C0FB522F889FF00231D37 /* Grid.swift in Sources */ = {isa = PBXBuildFile; fileRef = 8D0C0FB422F889FF00231D37 /* Grid.swift */; };
		8D0C0FB922F88F2F00231D37 /* GridView.swift in Sources */ = {isa = PBXBuildFile; fileRef = 8D0C0FB822F88F2F00231D37 /* GridView.swift */; };
		8D0C0FBB22F8925600231D37 /* AtomicProperty.framework in Frameworks */ = {isa = PBXBuildFile; fileRef = 8D1B86CA22F2CC530094BAB8 /* AtomicProperty.framework */; };
		8D0EA80722F974070069A619 /* CoreDataManagerAdapter+CanvasStorable.swift in Sources */ = {isa = PBXBuildFile; fileRef = 8D0EA80622F974070069A619 /* CoreDataManagerAdapter+CanvasStorable.swift */; };
		8D0EA80922F974640069A619 /* CoreDataManagerAdapter+ShapeViewsStorable.swift in Sources */ = {isa = PBXBuildFile; fileRef = 8D0EA80822F974640069A619 /* CoreDataManagerAdapter+ShapeViewsStorable.swift */; };
		8D10D9E522FAC71100A3BD28 /* StorageModelsTranslator.swift in Sources */ = {isa = PBXBuildFile; fileRef = 8D10D9E422FAC71100A3BD28 /* StorageModelsTranslator.swift */; };
		8D10D9E722FAC7D200A3BD28 /* CanvasMapable.swift in Sources */ = {isa = PBXBuildFile; fileRef = 8D10D9E622FAC7D200A3BD28 /* CanvasMapable.swift */; };
		8D10D9E922FAC7F900A3BD28 /* ColorMapable.swift in Sources */ = {isa = PBXBuildFile; fileRef = 8D10D9E822FAC7F900A3BD28 /* ColorMapable.swift */; };
		8D10D9EB22FACD8900A3BD28 /* StorageModelsTranslator+Color.swift in Sources */ = {isa = PBXBuildFile; fileRef = 8D10D9EA22FACD8900A3BD28 /* StorageModelsTranslator+Color.swift */; };
		8D10D9EF22FAE51E00A3BD28 /* CanvasShapeViewMapable.swift in Sources */ = {isa = PBXBuildFile; fileRef = 8D10D9EE22FAE51E00A3BD28 /* CanvasShapeViewMapable.swift */; };
		8D10D9F122FAE5F200A3BD28 /* StorageModelsTranslator+ShapeView.swift in Sources */ = {isa = PBXBuildFile; fileRef = 8D10D9F022FAE5F200A3BD28 /* StorageModelsTranslator+ShapeView.swift */; };
		8D10D9F322FB069100A3BD28 /* StorageManager+CanvasStorable.swift in Sources */ = {isa = PBXBuildFile; fileRef = 8D10D9F222FB069100A3BD28 /* StorageManager+CanvasStorable.swift */; };
		8D10D9F522FB088700A3BD28 /* StorageManager+ShapeViewStorable.swift in Sources */ = {isa = PBXBuildFile; fileRef = 8D10D9F422FB088700A3BD28 /* StorageManager+ShapeViewStorable.swift */; };
		8D11BFCB22EB508200B3F68F /* ShapesCollectionView+ViewModel.swift in Sources */ = {isa = PBXBuildFile; fileRef = 8D11BFCA22EB508200B3F68F /* ShapesCollectionView+ViewModel.swift */; };
		8D18F17722D5D0C900E7B1E0 /* AppAssembler.swift in Sources */ = {isa = PBXBuildFile; fileRef = 8D18F17622D5D0C900E7B1E0 /* AppAssembler.swift */; };
		8D18F17922D5D29200E7B1E0 /* CanvasViewController.storyboard in Resources */ = {isa = PBXBuildFile; fileRef = 8D18F17822D5D29200E7B1E0 /* CanvasViewController.storyboard */; };
		8D18F17C22D5D30900E7B1E0 /* UIViewController+StoryboardLoadable.swift in Sources */ = {isa = PBXBuildFile; fileRef = 8D18F17B22D5D30900E7B1E0 /* UIViewController+StoryboardLoadable.swift */; };
		8D18F17E22D5FA5A00E7B1E0 /* XMark.swift in Sources */ = {isa = PBXBuildFile; fileRef = 8D18F17D22D5FA5A00E7B1E0 /* XMark.swift */; };
		8D18F18422D60F8200E7B1E0 /* MainScreenViewController.swift in Sources */ = {isa = PBXBuildFile; fileRef = 8D18F18322D60F8200E7B1E0 /* MainScreenViewController.swift */; };
		8D18F18622D60F8C00E7B1E0 /* MainScreenViewController.storyboard in Resources */ = {isa = PBXBuildFile; fileRef = 8D18F18522D60F8C00E7B1E0 /* MainScreenViewController.storyboard */; };
		8D19EB3622FD796C00D21160 /* CanvasViewDropInteractorDelegate.swift in Sources */ = {isa = PBXBuildFile; fileRef = 8D19EB3522FD796C00D21160 /* CanvasViewDropInteractorDelegate.swift */; };
		8D19EB3722FD877D00D21160 /* AtomicProperty.framework in Frameworks */ = {isa = PBXBuildFile; fileRef = 8D1B86CA22F2CC530094BAB8 /* AtomicProperty.framework */; };
		8D19EB3822FD877D00D21160 /* AtomicProperty.framework in Embed Frameworks */ = {isa = PBXBuildFile; fileRef = 8D1B86CA22F2CC530094BAB8 /* AtomicProperty.framework */; settings = {ATTRIBUTES = (CodeSignOnCopy, RemoveHeadersOnCopy, ); }; };
		8D1B86CE22F2CC530094BAB8 /* AtomicProperty.h in Headers */ = {isa = PBXBuildFile; fileRef = 8D1B86CC22F2CC530094BAB8 /* AtomicProperty.h */; settings = {ATTRIBUTES = (Public, ); }; };
		8D1B86D722F2CC600094BAB8 /* AtomicProperty.swift in Sources */ = {isa = PBXBuildFile; fileRef = 8D4D01CE22DF5FB000348F7A /* AtomicProperty.swift */; };
		8D1B86DB22F2D4400094BAB8 /* StorageManager.swift in Sources */ = {isa = PBXBuildFile; fileRef = 8D4C8A2822E070F700282747 /* StorageManager.swift */; };
		8D1BADC1230AEBC000F1EACD /* CGContext+Extensions.swift in Sources */ = {isa = PBXBuildFile; fileRef = 8D1BADC0230AEBC000F1EACD /* CGContext+Extensions.swift */; };
		8D1CCE1E230BF48600FDC03F /* CanvasContainerView.swift in Sources */ = {isa = PBXBuildFile; fileRef = 8D1CCE1D230BF48600FDC03F /* CanvasContainerView.swift */; };
		8D21CD1122DCC8B000EA3948 /* CanvasListViewController.swift in Sources */ = {isa = PBXBuildFile; fileRef = 8D21CD1022DCC8B000EA3948 /* CanvasListViewController.swift */; };
		8D21CD1322DCC8BB00EA3948 /* CanvasListViewController.storyboard in Resources */ = {isa = PBXBuildFile; fileRef = 8D21CD1222DCC8BB00EA3948 /* CanvasListViewController.storyboard */; };
		8D21CD1622DCC99B00EA3948 /* CanvasTableView.swift in Sources */ = {isa = PBXBuildFile; fileRef = 8D21CD1522DCC99B00EA3948 /* CanvasTableView.swift */; };
		8D4C8A2522E0590A00282747 /* UIAlertController+AddCanvas.swift in Sources */ = {isa = PBXBuildFile; fileRef = 8D4C8A2422E0590A00282747 /* UIAlertController+AddCanvas.swift */; };
		8D4C8A3C22E0CC3400282747 /* UIColor+Extension.swift in Sources */ = {isa = PBXBuildFile; fileRef = 8D4C8A3B22E0CC3400282747 /* UIColor+Extension.swift */; };
		8D4CB03922F9CE4100E60B1F /* Canvas+ShapeViewModel.swift in Sources */ = {isa = PBXBuildFile; fileRef = 8D4CB03822F9CE4100E60B1F /* Canvas+ShapeViewModel.swift */; };
		8D4CB03D22F9DCD400E60B1F /* ColorDTO.swift in Sources */ = {isa = PBXBuildFile; fileRef = 8D4CB03C22F9DCD400E60B1F /* ColorDTO.swift */; };
		8D4CB04022F9DDA900E60B1F /* ColorMapable.swift in Sources */ = {isa = PBXBuildFile; fileRef = 8D4CB03F22F9DDA900E60B1F /* ColorMapable.swift */; };
		8D4CB04222F9DE6800E60B1F /* CoreDataEntityMapper+Color.swift in Sources */ = {isa = PBXBuildFile; fileRef = 8D4CB04122F9DE6800E60B1F /* CoreDataEntityMapper+Color.swift */; };
		8D4D01D122DF67E100348F7A /* StorageManageable.swift in Sources */ = {isa = PBXBuildFile; fileRef = 8D4D01D022DF67E100348F7A /* StorageManageable.swift */; };
		8D4D01D422DF70AF00348F7A /* Canvas.swift in Sources */ = {isa = PBXBuildFile; fileRef = 8D4D01D322DF70AF00348F7A /* Canvas.swift */; };
		8D62FCE32302A8B6001DF102 /* ShapeTypeToShapeConvertable.swift in Sources */ = {isa = PBXBuildFile; fileRef = 8D62FCE22302A8B6001DF102 /* ShapeTypeToShapeConvertable.swift */; };
		8D62FCE62302B6A0001DF102 /* ShapesDragAndDropDTO.swift in Sources */ = {isa = PBXBuildFile; fileRef = 8D62FCE52302B6A0001DF102 /* ShapesDragAndDropDTO.swift */; };
		8D6BAE2822D332E900FF383C /* AppDelegate.swift in Sources */ = {isa = PBXBuildFile; fileRef = 8D6BAE2722D332E900FF383C /* AppDelegate.swift */; };
		8D6BAE2A22D332E900FF383C /* CanvasViewController.swift in Sources */ = {isa = PBXBuildFile; fileRef = 8D6BAE2922D332E900FF383C /* CanvasViewController.swift */; };
		8D6BAE3222D332EA00FF383C /* Assets.xcassets in Resources */ = {isa = PBXBuildFile; fileRef = 8D6BAE3122D332EA00FF383C /* Assets.xcassets */; };
		8D6BAE3522D332EA00FF383C /* LaunchScreen.storyboard in Resources */ = {isa = PBXBuildFile; fileRef = 8D6BAE3322D332EA00FF383C /* LaunchScreen.storyboard */; };
		8D6BAE4022D3456C00FF383C /* Shape.swift in Sources */ = {isa = PBXBuildFile; fileRef = 8D6BAE3F22D3456C00FF383C /* Shape.swift */; };
		8D6BAE4222D345BC00FF383C /* ShapeView.swift in Sources */ = {isa = PBXBuildFile; fileRef = 8D6BAE4122D345BC00FF383C /* ShapeView.swift */; };
		8D6BAE4522D3476500FF383C /* Rectangle.swift in Sources */ = {isa = PBXBuildFile; fileRef = 8D6BAE4422D3476500FF383C /* Rectangle.swift */; };
		8D6BAE4922D357BE00FF383C /* Circle.swift in Sources */ = {isa = PBXBuildFile; fileRef = 8D6BAE4822D357BE00FF383C /* Circle.swift */; };
		8D6BAE4B22D3590500FF383C /* Hexagon.swift in Sources */ = {isa = PBXBuildFile; fileRef = 8D6BAE4A22D3590500FF383C /* Hexagon.swift */; };
		8D6BAE4D22D35B5400FF383C /* Ellipse.swift in Sources */ = {isa = PBXBuildFile; fileRef = 8D6BAE4C22D35B5400FF383C /* Ellipse.swift */; };
		8D6BAE5322D35EFF00FF383C /* GeometryNamespace.swift in Sources */ = {isa = PBXBuildFile; fileRef = 8D6BAE5222D35EFF00FF383C /* GeometryNamespace.swift */; };
		8D6BAE5522D35F1F00FF383C /* CircleGeometry.swift in Sources */ = {isa = PBXBuildFile; fileRef = 8D6BAE5422D35F1F00FF383C /* CircleGeometry.swift */; };
		8D6BAE5722D35FC400FF383C /* RectangleGeometry.swift in Sources */ = {isa = PBXBuildFile; fileRef = 8D6BAE5622D35FC400FF383C /* RectangleGeometry.swift */; };
		8D6BAE5922D3703400FF383C /* AngleGeometry.swift in Sources */ = {isa = PBXBuildFile; fileRef = 8D6BAE5822D3703400FF383C /* AngleGeometry.swift */; };
		8D6BAE5B22D37FC000FF383C /* Triangle.swift in Sources */ = {isa = PBXBuildFile; fileRef = 8D6BAE5A22D37FC000FF383C /* Triangle.swift */; };
		8D7F235022F031E700BA7245 /* CGRect+Extensions.swift in Sources */ = {isa = PBXBuildFile; fileRef = 8D7F234F22F031E700BA7245 /* CGRect+Extensions.swift */; };
		8D7F235222F043BA00BA7245 /* CanvasViewDropInteractor.swift in Sources */ = {isa = PBXBuildFile; fileRef = 8D7F235122F043BA00BA7245 /* CanvasViewDropInteractor.swift */; };
		8D84290B22E8A86500D20FFC /* ColoredCircleView.swift in Sources */ = {isa = PBXBuildFile; fileRef = 8D84290A22E8A86500D20FFC /* ColoredCircleView.swift */; };
		8D8ABB5122EF03440084E4BB /* ShapeStyle.swift in Sources */ = {isa = PBXBuildFile; fileRef = 8D8ABB5022EF03440084E4BB /* ShapeStyle.swift */; };
		8D8ABB5322EF25010084E4BB /* ShapeStyle+CAShapeLayer.swift in Sources */ = {isa = PBXBuildFile; fileRef = 8D8ABB5222EF25010084E4BB /* ShapeStyle+CAShapeLayer.swift */; };
		8D8ABB5522EF2A160084E4BB /* ShapeStyle+Fill.swift in Sources */ = {isa = PBXBuildFile; fileRef = 8D8ABB5422EF2A160084E4BB /* ShapeStyle+Fill.swift */; };
		8D8ABB5722EF2A4F0084E4BB /* ShapeStyle+Line.swift in Sources */ = {isa = PBXBuildFile; fileRef = 8D8ABB5622EF2A4F0084E4BB /* ShapeStyle+Line.swift */; };
		8D8ABB5B22EF45CD0084E4BB /* ShapeCollectionViewCell+Configurable.swift in Sources */ = {isa = PBXBuildFile; fileRef = 8D8ABB5A22EF45CD0084E4BB /* ShapeCollectionViewCell+Configurable.swift */; };
		8DB7D77C22EB2BC700430C18 /* ColorPickerDelegate.swift in Sources */ = {isa = PBXBuildFile; fileRef = 8DB7D77B22EB2BC700430C18 /* ColorPickerDelegate.swift */; };
		8DB7D77E22EB3C7700430C18 /* Color.swift in Sources */ = {isa = PBXBuildFile; fileRef = 8DB7D77D22EB3C7700430C18 /* Color.swift */; };
		8DB7D78122EB3CD000430C18 /* RGBAColor.swift in Sources */ = {isa = PBXBuildFile; fileRef = 8DB7D78022EB3CD000430C18 /* RGBAColor.swift */; };
		8DB7D78322EB45A300430C18 /* RGBAColor+Extensions.swift in Sources */ = {isa = PBXBuildFile; fileRef = 8DB7D78222EB45A300430C18 /* RGBAColor+Extensions.swift */; };
		8DB8B0F022E1B7B200EB71D4 /* CanvasListModule.swift in Sources */ = {isa = PBXBuildFile; fileRef = 8DB8B0EF22E1B7B200EB71D4 /* CanvasListModule.swift */; };
		8DB8B0F322E1B8E600EB71D4 /* ViewControllerBasedModule.swift in Sources */ = {isa = PBXBuildFile; fileRef = 8DB8B0F222E1B8E600EB71D4 /* ViewControllerBasedModule.swift */; };
		8DB8B0F522E1BBF300EB71D4 /* CanvasListModuleOutput.swift in Sources */ = {isa = PBXBuildFile; fileRef = 8DB8B0F422E1BBF300EB71D4 /* CanvasListModuleOutput.swift */; };
		8DB8B0F722E1BD5700EB71D4 /* СanvasesListPresenterProtocol.swift in Sources */ = {isa = PBXBuildFile; fileRef = 8DB8B0F622E1BD5700EB71D4 /* СanvasesListPresenterProtocol.swift */; };
		8DB8B0F922E1BEDF00EB71D4 /* CanvasesListPresenter.swift in Sources */ = {isa = PBXBuildFile; fileRef = 8DB8B0F822E1BEDF00EB71D4 /* CanvasesListPresenter.swift */; };
		8DB8B0FB22E1C36E00EB71D4 /* CanvasListView.swift in Sources */ = {isa = PBXBuildFile; fileRef = 8DB8B0FA22E1C36E00EB71D4 /* CanvasListView.swift */; };
		8DB8B0FD22E1DFCC00EB71D4 /* CanvasesListPresenterOutput.swift in Sources */ = {isa = PBXBuildFile; fileRef = 8DB8B0FC22E1DFCC00EB71D4 /* CanvasesListPresenterOutput.swift */; };
		8DB8B10122E1E47B00EB71D4 /* ModulesBuilder.swift in Sources */ = {isa = PBXBuildFile; fileRef = 8DB8B10022E1E47B00EB71D4 /* ModulesBuilder.swift */; };
		8DB8B10322E1E91500EB71D4 /* ModulesAssembler.swift in Sources */ = {isa = PBXBuildFile; fileRef = 8DB8B10222E1E91500EB71D4 /* ModulesAssembler.swift */; };
		8DB8B10922E2044C00EB71D4 /* PushRouter.swift in Sources */ = {isa = PBXBuildFile; fileRef = 8DB8B10822E2044C00EB71D4 /* PushRouter.swift */; };
		8DB8B10B22E205B800EB71D4 /* Router.swift in Sources */ = {isa = PBXBuildFile; fileRef = 8DB8B10A22E205B800EB71D4 /* Router.swift */; };
		8DBB258A22E842E500546D23 /* ShapesCollectionViewLayout.swift in Sources */ = {isa = PBXBuildFile; fileRef = 8DBB258922E842E500546D23 /* ShapesCollectionViewLayout.swift */; };
		8DBB258E22E84BF600546D23 /* AnyShape.swift in Sources */ = {isa = PBXBuildFile; fileRef = 8DBB258D22E84BF600546D23 /* AnyShape.swift */; };
		8DBB259222E8523D00546D23 /* ShapesProvider.swift in Sources */ = {isa = PBXBuildFile; fileRef = 8DBB259122E8523D00546D23 /* ShapesProvider.swift */; };
		8DBB259822E8585A00546D23 /* SingleViewContainer.swift in Sources */ = {isa = PBXBuildFile; fileRef = 8DBB259722E8585A00546D23 /* SingleViewContainer.swift */; };
		8DBB259A22E8596500546D23 /* UIView+Extensions.swift in Sources */ = {isa = PBXBuildFile; fileRef = 8DBB259922E8596500546D23 /* UIView+Extensions.swift */; };
		8DBB259D22E886B700546D23 /* ColorPicker.swift in Sources */ = {isa = PBXBuildFile; fileRef = 8DBB259C22E886B700546D23 /* ColorPicker.swift */; };
		8DC0109B22E59E7500010BCA /* Array+Extension.swift in Sources */ = {isa = PBXBuildFile; fileRef = 8DC0109A22E59E7500010BCA /* Array+Extension.swift */; };
		8DC0109D22E59F0E00010BCA /* CanvasTableViewDelegate.swift in Sources */ = {isa = PBXBuildFile; fileRef = 8DC0109C22E59F0E00010BCA /* CanvasTableViewDelegate.swift */; };
		8DC010A022E5B1CF00010BCA /* CanvasListManagementService.swift in Sources */ = {isa = PBXBuildFile; fileRef = 8DC0109F22E5B1CF00010BCA /* CanvasListManagementService.swift */; };
		8DC010A222E5B1F100010BCA /* CanvasListManagementServiceProtocol.swift in Sources */ = {isa = PBXBuildFile; fileRef = 8DC010A122E5B1F100010BCA /* CanvasListManagementServiceProtocol.swift */; };
		8DD103A722D47CC70052B13B /* Star.swift in Sources */ = {isa = PBXBuildFile; fileRef = 8DD103A622D47CC70052B13B /* Star.swift */; };
		8DD103BC22D4C8D10052B13B /* Coordinator.swift in Sources */ = {isa = PBXBuildFile; fileRef = 8DD103BB22D4C8D10052B13B /* Coordinator.swift */; };
		8DD103BE22D4C8F30052B13B /* AppCoordinator.swift in Sources */ = {isa = PBXBuildFile; fileRef = 8DD103BD22D4C8F30052B13B /* AppCoordinator.swift */; };
		8DD103C122D4C9A80052B13B /* AppAssemblerType.swift in Sources */ = {isa = PBXBuildFile; fileRef = 8DD103C022D4C9A80052B13B /* AppAssemblerType.swift */; };
		8DD1A16B22E9FD340016BE5C /* ColorsPickerCollectionView.swift in Sources */ = {isa = PBXBuildFile; fileRef = 8DD1A16A22E9FD340016BE5C /* ColorsPickerCollectionView.swift */; };
		8DD1A16D22E9FDD20016BE5C /* ColorsPickerCollectionViewLayout.swift in Sources */ = {isa = PBXBuildFile; fileRef = 8DD1A16C22E9FDD20016BE5C /* ColorsPickerCollectionViewLayout.swift */; };
		8DD1A17322EA00DB0016BE5C /* ColorsPickerCollectionViewColorCell.swift in Sources */ = {isa = PBXBuildFile; fileRef = 8DD1A17122EA00DB0016BE5C /* ColorsPickerCollectionViewColorCell.swift */; };
		8DD1A17422EA00DB0016BE5C /* ColorsPickerCollectionViewColorCell.xib in Resources */ = {isa = PBXBuildFile; fileRef = 8DD1A17222EA00DB0016BE5C /* ColorsPickerCollectionViewColorCell.xib */; };
		8DD1A17822EA03470016BE5C /* ColorsPickerCollectionViewColorCellDelegate.swift in Sources */ = {isa = PBXBuildFile; fileRef = 8DD1A17722EA03470016BE5C /* ColorsPickerCollectionViewColorCellDelegate.swift */; };
		8DD4249222F3022D003122B4 /* CanvasEntityMapable.swift in Sources */ = {isa = PBXBuildFile; fileRef = 8DD4248322F3022D003122B4 /* CanvasEntityMapable.swift */; };
		8DD4249322F3022D003122B4 /* CoreDataEntityMapper+Canvas.swift in Sources */ = {isa = PBXBuildFile; fileRef = 8DD4248422F3022D003122B4 /* CoreDataEntityMapper+Canvas.swift */; };
		8DD4249422F3022D003122B4 /* ManagedObjectMapable.swift in Sources */ = {isa = PBXBuildFile; fileRef = 8DD4248522F3022D003122B4 /* ManagedObjectMapable.swift */; };
		8DD4249522F3022D003122B4 /* CoreDataEntityMapper.swift in Sources */ = {isa = PBXBuildFile; fileRef = 8DD4248622F3022D003122B4 /* CoreDataEntityMapper.swift */; };
		8DD4249622F3022D003122B4 /* DataStorageAdapter.swift in Sources */ = {isa = PBXBuildFile; fileRef = 8DD4248722F3022D003122B4 /* DataStorageAdapter.swift */; };
		8DD4249722F3022D003122B4 /* DataStorage.swift in Sources */ = {isa = PBXBuildFile; fileRef = 8DD4248922F3022D003122B4 /* DataStorage.swift */; };
		8DD4249822F3022D003122B4 /* CoreDataManager.swift in Sources */ = {isa = PBXBuildFile; fileRef = 8DD4248B22F3022D003122B4 /* CoreDataManager.swift */; };
		8DD4249A22F3022D003122B4 /* PersistentContainer.swift in Sources */ = {isa = PBXBuildFile; fileRef = 8DD4248E22F3022D003122B4 /* PersistentContainer.swift */; };
		8DD4249B22F3022D003122B4 /* CoreDataManagerAdapter.swift in Sources */ = {isa = PBXBuildFile; fileRef = 8DD4248F22F3022D003122B4 /* CoreDataManagerAdapter.swift */; };
		8DD4249F22F31AA6003122B4 /* CanvasService.swift in Sources */ = {isa = PBXBuildFile; fileRef = 8DD4249E22F31AA6003122B4 /* CanvasService.swift */; };
		8DD424A222F31AF8003122B4 /* CanvasServiceProtocol.swift in Sources */ = {isa = PBXBuildFile; fileRef = 8DD424A122F31AF8003122B4 /* CanvasServiceProtocol.swift */; };
		8DD424A422F32332003122B4 /* ShapeType.swift in Sources */ = {isa = PBXBuildFile; fileRef = 8DD424A322F32332003122B4 /* ShapeType.swift */; };
		8DD424A722F32530003122B4 /* ShapeViewRepresentation.swift in Sources */ = {isa = PBXBuildFile; fileRef = 8DD424A622F32530003122B4 /* ShapeViewRepresentation.swift */; };
		8DE758CC22E703090069A6B4 /* CanvasModule.swift in Sources */ = {isa = PBXBuildFile; fileRef = 8DE758CB22E703090069A6B4 /* CanvasModule.swift */; };
		8DE758CE22E703300069A6B4 /* CanvasModuleOutput.swift in Sources */ = {isa = PBXBuildFile; fileRef = 8DE758CD22E703300069A6B4 /* CanvasModuleOutput.swift */; };
		8DE758D022E703B20069A6B4 /* CanvasPresenter.swift in Sources */ = {isa = PBXBuildFile; fileRef = 8DE758CF22E703B20069A6B4 /* CanvasPresenter.swift */; };
		8DE758D222E703BF0069A6B4 /* CanvasPresenterProtocol.swift in Sources */ = {isa = PBXBuildFile; fileRef = 8DE758D122E703BF0069A6B4 /* CanvasPresenterProtocol.swift */; };
		8DE758D422E703F90069A6B4 /* CanvasView.swift in Sources */ = {isa = PBXBuildFile; fileRef = 8DE758D322E703F90069A6B4 /* CanvasView.swift */; };
		8DE758D622E705F70069A6B4 /* CanvasPresenterOutput.swift in Sources */ = {isa = PBXBuildFile; fileRef = 8DE758D522E705F70069A6B4 /* CanvasPresenterOutput.swift */; };
		8DE758DC22E7561B0069A6B4 /* ShapesCollectionView.swift in Sources */ = {isa = PBXBuildFile; fileRef = 8DE758DB22E7561B0069A6B4 /* ShapesCollectionView.swift */; };
		8DE758DF22E756A60069A6B4 /* ShapeCollectionViewCell.swift in Sources */ = {isa = PBXBuildFile; fileRef = 8DE758DD22E756A60069A6B4 /* ShapeCollectionViewCell.swift */; };
		8DE758E022E756A60069A6B4 /* ShapeCollectionViewCell.xib in Resources */ = {isa = PBXBuildFile; fileRef = 8DE758DE22E756A60069A6B4 /* ShapeCollectionViewCell.xib */; };
		8DF18A2B22D79CFD0090A2FE /* SingleReceiverBinding.swift in Sources */ = {isa = PBXBuildFile; fileRef = 8DF18A2A22D79CFD0090A2FE /* SingleReceiverBinding.swift */; };
/* End PBXBuildFile section */

/* Begin PBXContainerItemProxy section */
		8D0C0FA622F834BB00231D37 /* PBXContainerItemProxy */ = {
			isa = PBXContainerItemProxy;
			containerPortal = 8D6BAE1C22D332E900FF383C /* Project object */;
			proxyType = 1;
			remoteGlobalIDString = 8DD4245E22F3018C003122B4;
			remoteInfo = DataStorage;
		};
		8D19EB3922FD877D00D21160 /* PBXContainerItemProxy */ = {
			isa = PBXContainerItemProxy;
			containerPortal = 8D6BAE1C22D332E900FF383C /* Project object */;
			proxyType = 1;
			remoteGlobalIDString = 8D1B86C922F2CC530094BAB8;
			remoteInfo = AtomicProperty;
		};
/* End PBXContainerItemProxy section */

/* Begin PBXCopyFilesBuildPhase section */
		8D0C0FA822F834BB00231D37 /* Embed Frameworks */ = {
			isa = PBXCopyFilesBuildPhase;
			buildActionMask = 2147483647;
			dstPath = "";
			dstSubfolderSpec = 10;
			files = (
				8D19EB3822FD877D00D21160 /* AtomicProperty.framework in Embed Frameworks */,
				8D0C0FA522F834BB00231D37 /* DataStorage.framework in Embed Frameworks */,
			);
			name = "Embed Frameworks";
			runOnlyForDeploymentPostprocessing = 0;
		};
/* End PBXCopyFilesBuildPhase section */

/* Begin PBXFileReference section */
		8D057069230D62A60040366D /* CenteredContentScrollView.swift */ = {isa = PBXFileReference; lastKnownFileType = sourcecode.swift; path = CenteredContentScrollView.swift; sourceTree = "<group>"; };
		8D05706B230D65420040366D /* CanvasScrollView.swift */ = {isa = PBXFileReference; lastKnownFileType = sourcecode.swift; path = CanvasScrollView.swift; sourceTree = "<group>"; };
		8D07E0D2230699D900E2E0D0 /* DebugPrint.swift */ = {isa = PBXFileReference; lastKnownFileType = sourcecode.swift; path = DebugPrint.swift; sourceTree = "<group>"; };
		8D07E0EC2306F6D600E2E0D0 /* CanvasRendererView.swift */ = {isa = PBXFileReference; lastKnownFileType = sourcecode.swift; path = CanvasRendererView.swift; sourceTree = "<group>"; };
		8D0934EF22F488800040F3B2 /* CanvasDTO.swift */ = {isa = PBXFileReference; lastKnownFileType = sourcecode.swift; path = CanvasDTO.swift; sourceTree = "<group>"; };
		8D0934F122F48A410040F3B2 /* ShapeViewDTO.swift */ = {isa = PBXFileReference; lastKnownFileType = sourcecode.swift; path = ShapeViewDTO.swift; sourceTree = "<group>"; };
		8D0C0F9D22F8100A00231D37 /* StorageModelsTranslatable.swift */ = {isa = PBXFileReference; lastKnownFileType = sourcecode.swift; path = StorageModelsTranslatable.swift; sourceTree = "<group>"; };
		8D0C0F9F22F8113400231D37 /* StorageModelsTranslator+Canvas.swift */ = {isa = PBXFileReference; lastKnownFileType = sourcecode.swift; path = "StorageModelsTranslator+Canvas.swift"; sourceTree = "<group>"; };
		8D0C0FAA22F869E400231D37 /* ShapeViewMapable.swift */ = {isa = PBXFileReference; lastKnownFileType = sourcecode.swift; path = ShapeViewMapable.swift; sourceTree = "<group>"; };
		8D0C0FAC22F86F6C00231D37 /* CoreDataEntityMapper+ShapeView.swift */ = {isa = PBXFileReference; lastKnownFileType = sourcecode.swift; path = "CoreDataEntityMapper+ShapeView.swift"; sourceTree = "<group>"; };
		8D0C0FB022F8886300231D37 /* DesignNamespace.swift */ = {isa = PBXFileReference; lastKnownFileType = sourcecode.swift; path = DesignNamespace.swift; sourceTree = "<group>"; };
		8D0C0FB222F8888400231D37 /* Design+Colors.swift */ = {isa = PBXFileReference; lastKnownFileType = sourcecode.swift; path = "Design+Colors.swift"; sourceTree = "<group>"; };
		8D0C0FB422F889FF00231D37 /* Grid.swift */ = {isa = PBXFileReference; lastKnownFileType = sourcecode.swift; path = Grid.swift; sourceTree = "<group>"; };
		8D0C0FB822F88F2F00231D37 /* GridView.swift */ = {isa = PBXFileReference; lastKnownFileType = sourcecode.swift; path = GridView.swift; sourceTree = "<group>"; };
		8D0EA80622F974070069A619 /* CoreDataManagerAdapter+CanvasStorable.swift */ = {isa = PBXFileReference; lastKnownFileType = sourcecode.swift; path = "CoreDataManagerAdapter+CanvasStorable.swift"; sourceTree = "<group>"; };
		8D0EA80822F974640069A619 /* CoreDataManagerAdapter+ShapeViewsStorable.swift */ = {isa = PBXFileReference; lastKnownFileType = sourcecode.swift; path = "CoreDataManagerAdapter+ShapeViewsStorable.swift"; sourceTree = "<group>"; };
		8D10D9E422FAC71100A3BD28 /* StorageModelsTranslator.swift */ = {isa = PBXFileReference; lastKnownFileType = sourcecode.swift; path = StorageModelsTranslator.swift; sourceTree = "<group>"; };
		8D10D9E622FAC7D200A3BD28 /* CanvasMapable.swift */ = {isa = PBXFileReference; lastKnownFileType = sourcecode.swift; path = CanvasMapable.swift; sourceTree = "<group>"; };
		8D10D9E822FAC7F900A3BD28 /* ColorMapable.swift */ = {isa = PBXFileReference; lastKnownFileType = sourcecode.swift; path = ColorMapable.swift; sourceTree = "<group>"; };
		8D10D9EA22FACD8900A3BD28 /* StorageModelsTranslator+Color.swift */ = {isa = PBXFileReference; lastKnownFileType = sourcecode.swift; path = "StorageModelsTranslator+Color.swift"; sourceTree = "<group>"; };
		8D10D9EE22FAE51E00A3BD28 /* CanvasShapeViewMapable.swift */ = {isa = PBXFileReference; lastKnownFileType = sourcecode.swift; path = CanvasShapeViewMapable.swift; sourceTree = "<group>"; };
		8D10D9F022FAE5F200A3BD28 /* StorageModelsTranslator+ShapeView.swift */ = {isa = PBXFileReference; lastKnownFileType = sourcecode.swift; path = "StorageModelsTranslator+ShapeView.swift"; sourceTree = "<group>"; };
		8D10D9F222FB069100A3BD28 /* StorageManager+CanvasStorable.swift */ = {isa = PBXFileReference; lastKnownFileType = sourcecode.swift; path = "StorageManager+CanvasStorable.swift"; sourceTree = "<group>"; };
		8D10D9F422FB088700A3BD28 /* StorageManager+ShapeViewStorable.swift */ = {isa = PBXFileReference; lastKnownFileType = sourcecode.swift; path = "StorageManager+ShapeViewStorable.swift"; sourceTree = "<group>"; };
		8D11BFCA22EB508200B3F68F /* ShapesCollectionView+ViewModel.swift */ = {isa = PBXFileReference; lastKnownFileType = sourcecode.swift; path = "ShapesCollectionView+ViewModel.swift"; sourceTree = "<group>"; };
		8D18F17622D5D0C900E7B1E0 /* AppAssembler.swift */ = {isa = PBXFileReference; lastKnownFileType = sourcecode.swift; path = AppAssembler.swift; sourceTree = "<group>"; };
		8D18F17822D5D29200E7B1E0 /* CanvasViewController.storyboard */ = {isa = PBXFileReference; lastKnownFileType = file.storyboard; path = CanvasViewController.storyboard; sourceTree = "<group>"; };
		8D18F17B22D5D30900E7B1E0 /* UIViewController+StoryboardLoadable.swift */ = {isa = PBXFileReference; lastKnownFileType = sourcecode.swift; path = "UIViewController+StoryboardLoadable.swift"; sourceTree = "<group>"; };
		8D18F17D22D5FA5A00E7B1E0 /* XMark.swift */ = {isa = PBXFileReference; lastKnownFileType = sourcecode.swift; path = XMark.swift; sourceTree = "<group>"; };
		8D18F18322D60F8200E7B1E0 /* MainScreenViewController.swift */ = {isa = PBXFileReference; lastKnownFileType = sourcecode.swift; path = MainScreenViewController.swift; sourceTree = "<group>"; };
		8D18F18522D60F8C00E7B1E0 /* MainScreenViewController.storyboard */ = {isa = PBXFileReference; lastKnownFileType = file.storyboard; path = MainScreenViewController.storyboard; sourceTree = "<group>"; };
		8D19EB3522FD796C00D21160 /* CanvasViewDropInteractorDelegate.swift */ = {isa = PBXFileReference; lastKnownFileType = sourcecode.swift; path = CanvasViewDropInteractorDelegate.swift; sourceTree = "<group>"; };
		8D1B86CA22F2CC530094BAB8 /* AtomicProperty.framework */ = {isa = PBXFileReference; explicitFileType = wrapper.framework; includeInIndex = 0; path = AtomicProperty.framework; sourceTree = BUILT_PRODUCTS_DIR; };
		8D1B86CC22F2CC530094BAB8 /* AtomicProperty.h */ = {isa = PBXFileReference; lastKnownFileType = sourcecode.c.h; path = AtomicProperty.h; sourceTree = "<group>"; };
		8D1B86CD22F2CC530094BAB8 /* Info.plist */ = {isa = PBXFileReference; lastKnownFileType = text.plist.xml; path = Info.plist; sourceTree = "<group>"; };
		8D1BADC0230AEBC000F1EACD /* CGContext+Extensions.swift */ = {isa = PBXFileReference; lastKnownFileType = sourcecode.swift; path = "CGContext+Extensions.swift"; sourceTree = "<group>"; };
		8D1CCE1D230BF48600FDC03F /* CanvasContainerView.swift */ = {isa = PBXFileReference; lastKnownFileType = sourcecode.swift; path = CanvasContainerView.swift; sourceTree = "<group>"; };
		8D21CD1022DCC8B000EA3948 /* CanvasListViewController.swift */ = {isa = PBXFileReference; lastKnownFileType = sourcecode.swift; path = CanvasListViewController.swift; sourceTree = "<group>"; wrapsLines = 0; };
		8D21CD1222DCC8BB00EA3948 /* CanvasListViewController.storyboard */ = {isa = PBXFileReference; lastKnownFileType = file.storyboard; path = CanvasListViewController.storyboard; sourceTree = "<group>"; };
		8D21CD1522DCC99B00EA3948 /* CanvasTableView.swift */ = {isa = PBXFileReference; lastKnownFileType = sourcecode.swift; path = CanvasTableView.swift; sourceTree = "<group>"; };
		8D4C8A2422E0590A00282747 /* UIAlertController+AddCanvas.swift */ = {isa = PBXFileReference; lastKnownFileType = sourcecode.swift; path = "UIAlertController+AddCanvas.swift"; sourceTree = "<group>"; };
		8D4C8A2822E070F700282747 /* StorageManager.swift */ = {isa = PBXFileReference; lastKnownFileType = sourcecode.swift; path = StorageManager.swift; sourceTree = "<group>"; wrapsLines = 0; };
		8D4C8A3B22E0CC3400282747 /* UIColor+Extension.swift */ = {isa = PBXFileReference; lastKnownFileType = sourcecode.swift; path = "UIColor+Extension.swift"; sourceTree = "<group>"; };
		8D4CB03822F9CE4100E60B1F /* Canvas+ShapeViewModel.swift */ = {isa = PBXFileReference; lastKnownFileType = sourcecode.swift; path = "Canvas+ShapeViewModel.swift"; sourceTree = "<group>"; };
		8D4CB03C22F9DCD400E60B1F /* ColorDTO.swift */ = {isa = PBXFileReference; lastKnownFileType = sourcecode.swift; path = ColorDTO.swift; sourceTree = "<group>"; };
		8D4CB03F22F9DDA900E60B1F /* ColorMapable.swift */ = {isa = PBXFileReference; lastKnownFileType = sourcecode.swift; path = ColorMapable.swift; sourceTree = "<group>"; };
		8D4CB04122F9DE6800E60B1F /* CoreDataEntityMapper+Color.swift */ = {isa = PBXFileReference; lastKnownFileType = sourcecode.swift; path = "CoreDataEntityMapper+Color.swift"; sourceTree = "<group>"; };
		8D4D01CE22DF5FB000348F7A /* AtomicProperty.swift */ = {isa = PBXFileReference; lastKnownFileType = sourcecode.swift; path = AtomicProperty.swift; sourceTree = "<group>"; };
		8D4D01D022DF67E100348F7A /* StorageManageable.swift */ = {isa = PBXFileReference; lastKnownFileType = sourcecode.swift; path = StorageManageable.swift; sourceTree = "<group>"; wrapsLines = 1; };
		8D4D01D322DF70AF00348F7A /* Canvas.swift */ = {isa = PBXFileReference; lastKnownFileType = sourcecode.swift; path = Canvas.swift; sourceTree = "<group>"; };
		8D62FCE22302A8B6001DF102 /* ShapeTypeToShapeConvertable.swift */ = {isa = PBXFileReference; lastKnownFileType = sourcecode.swift; path = ShapeTypeToShapeConvertable.swift; sourceTree = "<group>"; };
		8D62FCE52302B6A0001DF102 /* ShapesDragAndDropDTO.swift */ = {isa = PBXFileReference; lastKnownFileType = sourcecode.swift; path = ShapesDragAndDropDTO.swift; sourceTree = "<group>"; };
		8D6BAE2422D332E900FF383C /* Photify.app */ = {isa = PBXFileReference; explicitFileType = wrapper.application; includeInIndex = 0; path = Photify.app; sourceTree = BUILT_PRODUCTS_DIR; };
		8D6BAE2722D332E900FF383C /* AppDelegate.swift */ = {isa = PBXFileReference; lastKnownFileType = sourcecode.swift; path = AppDelegate.swift; sourceTree = "<group>"; wrapsLines = 0; };
		8D6BAE2922D332E900FF383C /* CanvasViewController.swift */ = {isa = PBXFileReference; lastKnownFileType = sourcecode.swift; path = CanvasViewController.swift; sourceTree = "<group>"; };
		8D6BAE3122D332EA00FF383C /* Assets.xcassets */ = {isa = PBXFileReference; lastKnownFileType = folder.assetcatalog; path = Assets.xcassets; sourceTree = "<group>"; };
		8D6BAE3422D332EA00FF383C /* Base */ = {isa = PBXFileReference; lastKnownFileType = file.storyboard; name = Base; path = Base.lproj/LaunchScreen.storyboard; sourceTree = "<group>"; };
		8D6BAE3622D332EA00FF383C /* Info.plist */ = {isa = PBXFileReference; lastKnownFileType = text.plist.xml; path = Info.plist; sourceTree = "<group>"; };
		8D6BAE3F22D3456C00FF383C /* Shape.swift */ = {isa = PBXFileReference; lastKnownFileType = sourcecode.swift; path = Shape.swift; sourceTree = "<group>"; };
		8D6BAE4122D345BC00FF383C /* ShapeView.swift */ = {isa = PBXFileReference; lastKnownFileType = sourcecode.swift; path = ShapeView.swift; sourceTree = "<group>"; };
		8D6BAE4422D3476500FF383C /* Rectangle.swift */ = {isa = PBXFileReference; lastKnownFileType = sourcecode.swift; path = Rectangle.swift; sourceTree = "<group>"; };
		8D6BAE4822D357BE00FF383C /* Circle.swift */ = {isa = PBXFileReference; lastKnownFileType = sourcecode.swift; path = Circle.swift; sourceTree = "<group>"; };
		8D6BAE4A22D3590500FF383C /* Hexagon.swift */ = {isa = PBXFileReference; lastKnownFileType = sourcecode.swift; path = Hexagon.swift; sourceTree = "<group>"; };
		8D6BAE4C22D35B5400FF383C /* Ellipse.swift */ = {isa = PBXFileReference; lastKnownFileType = sourcecode.swift; path = Ellipse.swift; sourceTree = "<group>"; };
		8D6BAE5222D35EFF00FF383C /* GeometryNamespace.swift */ = {isa = PBXFileReference; lastKnownFileType = sourcecode.swift; path = GeometryNamespace.swift; sourceTree = "<group>"; };
		8D6BAE5422D35F1F00FF383C /* CircleGeometry.swift */ = {isa = PBXFileReference; lastKnownFileType = sourcecode.swift; path = CircleGeometry.swift; sourceTree = "<group>"; };
		8D6BAE5622D35FC400FF383C /* RectangleGeometry.swift */ = {isa = PBXFileReference; lastKnownFileType = sourcecode.swift; path = RectangleGeometry.swift; sourceTree = "<group>"; };
		8D6BAE5822D3703400FF383C /* AngleGeometry.swift */ = {isa = PBXFileReference; lastKnownFileType = sourcecode.swift; path = AngleGeometry.swift; sourceTree = "<group>"; };
		8D6BAE5A22D37FC000FF383C /* Triangle.swift */ = {isa = PBXFileReference; lastKnownFileType = sourcecode.swift; path = Triangle.swift; sourceTree = "<group>"; };
		8D7F234F22F031E700BA7245 /* CGRect+Extensions.swift */ = {isa = PBXFileReference; lastKnownFileType = sourcecode.swift; path = "CGRect+Extensions.swift"; sourceTree = "<group>"; };
		8D7F235122F043BA00BA7245 /* CanvasViewDropInteractor.swift */ = {isa = PBXFileReference; lastKnownFileType = sourcecode.swift; path = CanvasViewDropInteractor.swift; sourceTree = "<group>"; };
		8D84290A22E8A86500D20FFC /* ColoredCircleView.swift */ = {isa = PBXFileReference; lastKnownFileType = sourcecode.swift; path = ColoredCircleView.swift; sourceTree = "<group>"; };
		8D8ABB5022EF03440084E4BB /* ShapeStyle.swift */ = {isa = PBXFileReference; lastKnownFileType = sourcecode.swift; path = ShapeStyle.swift; sourceTree = "<group>"; };
		8D8ABB5222EF25010084E4BB /* ShapeStyle+CAShapeLayer.swift */ = {isa = PBXFileReference; lastKnownFileType = sourcecode.swift; path = "ShapeStyle+CAShapeLayer.swift"; sourceTree = "<group>"; };
		8D8ABB5422EF2A160084E4BB /* ShapeStyle+Fill.swift */ = {isa = PBXFileReference; lastKnownFileType = sourcecode.swift; path = "ShapeStyle+Fill.swift"; sourceTree = "<group>"; };
		8D8ABB5622EF2A4F0084E4BB /* ShapeStyle+Line.swift */ = {isa = PBXFileReference; lastKnownFileType = sourcecode.swift; path = "ShapeStyle+Line.swift"; sourceTree = "<group>"; };
		8D8ABB5A22EF45CD0084E4BB /* ShapeCollectionViewCell+Configurable.swift */ = {isa = PBXFileReference; lastKnownFileType = sourcecode.swift; path = "ShapeCollectionViewCell+Configurable.swift"; sourceTree = "<group>"; };
		8DB7D77B22EB2BC700430C18 /* ColorPickerDelegate.swift */ = {isa = PBXFileReference; lastKnownFileType = sourcecode.swift; path = ColorPickerDelegate.swift; sourceTree = "<group>"; };
		8DB7D77D22EB3C7700430C18 /* Color.swift */ = {isa = PBXFileReference; lastKnownFileType = sourcecode.swift; path = Color.swift; sourceTree = "<group>"; };
		8DB7D78022EB3CD000430C18 /* RGBAColor.swift */ = {isa = PBXFileReference; lastKnownFileType = sourcecode.swift; path = RGBAColor.swift; sourceTree = "<group>"; };
		8DB7D78222EB45A300430C18 /* RGBAColor+Extensions.swift */ = {isa = PBXFileReference; lastKnownFileType = sourcecode.swift; path = "RGBAColor+Extensions.swift"; sourceTree = "<group>"; };
		8DB8B0EF22E1B7B200EB71D4 /* CanvasListModule.swift */ = {isa = PBXFileReference; lastKnownFileType = sourcecode.swift; path = CanvasListModule.swift; sourceTree = "<group>"; };
		8DB8B0F222E1B8E600EB71D4 /* ViewControllerBasedModule.swift */ = {isa = PBXFileReference; lastKnownFileType = sourcecode.swift; path = ViewControllerBasedModule.swift; sourceTree = "<group>"; };
		8DB8B0F422E1BBF300EB71D4 /* CanvasListModuleOutput.swift */ = {isa = PBXFileReference; lastKnownFileType = sourcecode.swift; path = CanvasListModuleOutput.swift; sourceTree = "<group>"; };
		8DB8B0F622E1BD5700EB71D4 /* СanvasesListPresenterProtocol.swift */ = {isa = PBXFileReference; lastKnownFileType = sourcecode.swift; path = "СanvasesListPresenterProtocol.swift"; sourceTree = "<group>"; };
		8DB8B0F822E1BEDF00EB71D4 /* CanvasesListPresenter.swift */ = {isa = PBXFileReference; lastKnownFileType = sourcecode.swift; path = CanvasesListPresenter.swift; sourceTree = "<group>"; };
		8DB8B0FA22E1C36E00EB71D4 /* CanvasListView.swift */ = {isa = PBXFileReference; lastKnownFileType = sourcecode.swift; path = CanvasListView.swift; sourceTree = "<group>"; };
		8DB8B0FC22E1DFCC00EB71D4 /* CanvasesListPresenterOutput.swift */ = {isa = PBXFileReference; lastKnownFileType = sourcecode.swift; path = CanvasesListPresenterOutput.swift; sourceTree = "<group>"; };
		8DB8B10022E1E47B00EB71D4 /* ModulesBuilder.swift */ = {isa = PBXFileReference; lastKnownFileType = sourcecode.swift; path = ModulesBuilder.swift; sourceTree = "<group>"; };
		8DB8B10222E1E91500EB71D4 /* ModulesAssembler.swift */ = {isa = PBXFileReference; lastKnownFileType = sourcecode.swift; path = ModulesAssembler.swift; sourceTree = "<group>"; };
		8DB8B10822E2044C00EB71D4 /* PushRouter.swift */ = {isa = PBXFileReference; lastKnownFileType = sourcecode.swift; path = PushRouter.swift; sourceTree = "<group>"; };
		8DB8B10A22E205B800EB71D4 /* Router.swift */ = {isa = PBXFileReference; lastKnownFileType = sourcecode.swift; path = Router.swift; sourceTree = "<group>"; };
		8DBB258922E842E500546D23 /* ShapesCollectionViewLayout.swift */ = {isa = PBXFileReference; lastKnownFileType = sourcecode.swift; path = ShapesCollectionViewLayout.swift; sourceTree = "<group>"; };
		8DBB258D22E84BF600546D23 /* AnyShape.swift */ = {isa = PBXFileReference; lastKnownFileType = sourcecode.swift; path = AnyShape.swift; sourceTree = "<group>"; };
		8DBB259122E8523D00546D23 /* ShapesProvider.swift */ = {isa = PBXFileReference; lastKnownFileType = sourcecode.swift; path = ShapesProvider.swift; sourceTree = "<group>"; };
		8DBB259722E8585A00546D23 /* SingleViewContainer.swift */ = {isa = PBXFileReference; lastKnownFileType = sourcecode.swift; path = SingleViewContainer.swift; sourceTree = "<group>"; };
		8DBB259922E8596500546D23 /* UIView+Extensions.swift */ = {isa = PBXFileReference; lastKnownFileType = sourcecode.swift; path = "UIView+Extensions.swift"; sourceTree = "<group>"; wrapsLines = 0; };
		8DBB259C22E886B700546D23 /* ColorPicker.swift */ = {isa = PBXFileReference; lastKnownFileType = sourcecode.swift; path = ColorPicker.swift; sourceTree = "<group>"; wrapsLines = 0; };
		8DC0109A22E59E7500010BCA /* Array+Extension.swift */ = {isa = PBXFileReference; lastKnownFileType = sourcecode.swift; path = "Array+Extension.swift"; sourceTree = "<group>"; };
		8DC0109C22E59F0E00010BCA /* CanvasTableViewDelegate.swift */ = {isa = PBXFileReference; lastKnownFileType = sourcecode.swift; path = CanvasTableViewDelegate.swift; sourceTree = "<group>"; };
		8DC0109F22E5B1CF00010BCA /* CanvasListManagementService.swift */ = {isa = PBXFileReference; lastKnownFileType = sourcecode.swift; path = CanvasListManagementService.swift; sourceTree = "<group>"; };
		8DC010A122E5B1F100010BCA /* CanvasListManagementServiceProtocol.swift */ = {isa = PBXFileReference; lastKnownFileType = sourcecode.swift; path = CanvasListManagementServiceProtocol.swift; sourceTree = "<group>"; };
		8DD103A622D47CC70052B13B /* Star.swift */ = {isa = PBXFileReference; lastKnownFileType = sourcecode.swift; path = Star.swift; sourceTree = "<group>"; };
		8DD103BB22D4C8D10052B13B /* Coordinator.swift */ = {isa = PBXFileReference; lastKnownFileType = sourcecode.swift; path = Coordinator.swift; sourceTree = "<group>"; };
		8DD103BD22D4C8F30052B13B /* AppCoordinator.swift */ = {isa = PBXFileReference; lastKnownFileType = sourcecode.swift; path = AppCoordinator.swift; sourceTree = "<group>"; };
		8DD103C022D4C9A80052B13B /* AppAssemblerType.swift */ = {isa = PBXFileReference; lastKnownFileType = sourcecode.swift; path = AppAssemblerType.swift; sourceTree = "<group>"; };
		8DD1A16A22E9FD340016BE5C /* ColorsPickerCollectionView.swift */ = {isa = PBXFileReference; lastKnownFileType = sourcecode.swift; path = ColorsPickerCollectionView.swift; sourceTree = "<group>"; wrapsLines = 0; };
		8DD1A16C22E9FDD20016BE5C /* ColorsPickerCollectionViewLayout.swift */ = {isa = PBXFileReference; lastKnownFileType = sourcecode.swift; path = ColorsPickerCollectionViewLayout.swift; sourceTree = "<group>"; };
		8DD1A17122EA00DB0016BE5C /* ColorsPickerCollectionViewColorCell.swift */ = {isa = PBXFileReference; lastKnownFileType = sourcecode.swift; path = ColorsPickerCollectionViewColorCell.swift; sourceTree = "<group>"; };
		8DD1A17222EA00DB0016BE5C /* ColorsPickerCollectionViewColorCell.xib */ = {isa = PBXFileReference; lastKnownFileType = file.xib; path = ColorsPickerCollectionViewColorCell.xib; sourceTree = "<group>"; };
		8DD1A17722EA03470016BE5C /* ColorsPickerCollectionViewColorCellDelegate.swift */ = {isa = PBXFileReference; lastKnownFileType = sourcecode.swift; path = ColorsPickerCollectionViewColorCellDelegate.swift; sourceTree = "<group>"; };
		8DD4245F22F3018C003122B4 /* DataStorage.framework */ = {isa = PBXFileReference; explicitFileType = wrapper.framework; includeInIndex = 0; path = DataStorage.framework; sourceTree = BUILT_PRODUCTS_DIR; };
		8DD4246122F3018C003122B4 /* DataStorage.h */ = {isa = PBXFileReference; lastKnownFileType = sourcecode.c.h; path = DataStorage.h; sourceTree = "<group>"; };
		8DD4246222F3018C003122B4 /* Info.plist */ = {isa = PBXFileReference; lastKnownFileType = text.plist.xml; path = Info.plist; sourceTree = "<group>"; };
		8DD4248322F3022D003122B4 /* CanvasEntityMapable.swift */ = {isa = PBXFileReference; fileEncoding = 4; lastKnownFileType = sourcecode.swift; path = CanvasEntityMapable.swift; sourceTree = "<group>"; };
		8DD4248422F3022D003122B4 /* CoreDataEntityMapper+Canvas.swift */ = {isa = PBXFileReference; fileEncoding = 4; lastKnownFileType = sourcecode.swift; path = "CoreDataEntityMapper+Canvas.swift"; sourceTree = "<group>"; };
		8DD4248522F3022D003122B4 /* ManagedObjectMapable.swift */ = {isa = PBXFileReference; fileEncoding = 4; lastKnownFileType = sourcecode.swift; path = ManagedObjectMapable.swift; sourceTree = "<group>"; };
		8DD4248622F3022D003122B4 /* CoreDataEntityMapper.swift */ = {isa = PBXFileReference; fileEncoding = 4; lastKnownFileType = sourcecode.swift; path = CoreDataEntityMapper.swift; sourceTree = "<group>"; };
		8DD4248722F3022D003122B4 /* DataStorageAdapter.swift */ = {isa = PBXFileReference; fileEncoding = 4; lastKnownFileType = sourcecode.swift; path = DataStorageAdapter.swift; sourceTree = "<group>"; };
		8DD4248922F3022D003122B4 /* DataStorage.swift */ = {isa = PBXFileReference; fileEncoding = 4; lastKnownFileType = sourcecode.swift; path = DataStorage.swift; sourceTree = "<group>"; };
		8DD4248B22F3022D003122B4 /* CoreDataManager.swift */ = {isa = PBXFileReference; fileEncoding = 4; lastKnownFileType = sourcecode.swift; path = CoreDataManager.swift; sourceTree = "<group>"; };
		8DD4248D22F3022D003122B4 /* ManagedObjectModel.xcdatamodel */ = {isa = PBXFileReference; lastKnownFileType = wrapper.xcdatamodel; path = ManagedObjectModel.xcdatamodel; sourceTree = "<group>"; };
		8DD4248E22F3022D003122B4 /* PersistentContainer.swift */ = {isa = PBXFileReference; fileEncoding = 4; lastKnownFileType = sourcecode.swift; path = PersistentContainer.swift; sourceTree = "<group>"; };
		8DD4248F22F3022D003122B4 /* CoreDataManagerAdapter.swift */ = {isa = PBXFileReference; fileEncoding = 4; lastKnownFileType = sourcecode.swift; path = CoreDataManagerAdapter.swift; sourceTree = "<group>"; };
		8DD4249E22F31AA6003122B4 /* CanvasService.swift */ = {isa = PBXFileReference; lastKnownFileType = sourcecode.swift; path = CanvasService.swift; sourceTree = "<group>"; };
		8DD424A122F31AF8003122B4 /* CanvasServiceProtocol.swift */ = {isa = PBXFileReference; lastKnownFileType = sourcecode.swift; path = CanvasServiceProtocol.swift; sourceTree = "<group>"; };
		8DD424A322F32332003122B4 /* ShapeType.swift */ = {isa = PBXFileReference; lastKnownFileType = sourcecode.swift; path = ShapeType.swift; sourceTree = "<group>"; };
		8DD424A622F32530003122B4 /* ShapeViewRepresentation.swift */ = {isa = PBXFileReference; lastKnownFileType = sourcecode.swift; path = ShapeViewRepresentation.swift; sourceTree = "<group>"; };
		8DE758CB22E703090069A6B4 /* CanvasModule.swift */ = {isa = PBXFileReference; lastKnownFileType = sourcecode.swift; path = CanvasModule.swift; sourceTree = "<group>"; };
		8DE758CD22E703300069A6B4 /* CanvasModuleOutput.swift */ = {isa = PBXFileReference; lastKnownFileType = sourcecode.swift; path = CanvasModuleOutput.swift; sourceTree = "<group>"; };
		8DE758CF22E703B20069A6B4 /* CanvasPresenter.swift */ = {isa = PBXFileReference; lastKnownFileType = sourcecode.swift; path = CanvasPresenter.swift; sourceTree = "<group>"; };
		8DE758D122E703BF0069A6B4 /* CanvasPresenterProtocol.swift */ = {isa = PBXFileReference; lastKnownFileType = sourcecode.swift; path = CanvasPresenterProtocol.swift; sourceTree = "<group>"; };
		8DE758D322E703F90069A6B4 /* CanvasView.swift */ = {isa = PBXFileReference; lastKnownFileType = sourcecode.swift; path = CanvasView.swift; sourceTree = "<group>"; };
		8DE758D522E705F70069A6B4 /* CanvasPresenterOutput.swift */ = {isa = PBXFileReference; lastKnownFileType = sourcecode.swift; path = CanvasPresenterOutput.swift; sourceTree = "<group>"; };
		8DE758DB22E7561B0069A6B4 /* ShapesCollectionView.swift */ = {isa = PBXFileReference; lastKnownFileType = sourcecode.swift; path = ShapesCollectionView.swift; sourceTree = "<group>"; };
		8DE758DD22E756A60069A6B4 /* ShapeCollectionViewCell.swift */ = {isa = PBXFileReference; lastKnownFileType = sourcecode.swift; path = ShapeCollectionViewCell.swift; sourceTree = "<group>"; };
		8DE758DE22E756A60069A6B4 /* ShapeCollectionViewCell.xib */ = {isa = PBXFileReference; lastKnownFileType = file.xib; path = ShapeCollectionViewCell.xib; sourceTree = "<group>"; };
		8DF18A2A22D79CFD0090A2FE /* SingleReceiverBinding.swift */ = {isa = PBXFileReference; lastKnownFileType = sourcecode.swift; path = SingleReceiverBinding.swift; sourceTree = "<group>"; };
/* End PBXFileReference section */

/* Begin PBXFrameworksBuildPhase section */
		8D1B86C722F2CC530094BAB8 /* Frameworks */ = {
			isa = PBXFrameworksBuildPhase;
			buildActionMask = 2147483647;
			files = (
			);
			runOnlyForDeploymentPostprocessing = 0;
		};
		8D6BAE2122D332E900FF383C /* Frameworks */ = {
			isa = PBXFrameworksBuildPhase;
			buildActionMask = 2147483647;
			files = (
				8D19EB3722FD877D00D21160 /* AtomicProperty.framework in Frameworks */,
				8D0C0FA422F834BB00231D37 /* DataStorage.framework in Frameworks */,
			);
			runOnlyForDeploymentPostprocessing = 0;
		};
		8DD4245C22F3018C003122B4 /* Frameworks */ = {
			isa = PBXFrameworksBuildPhase;
			buildActionMask = 2147483647;
			files = (
				8D0C0FBB22F8925600231D37 /* AtomicProperty.framework in Frameworks */,
			);
			runOnlyForDeploymentPostprocessing = 0;
		};
/* End PBXFrameworksBuildPhase section */

/* Begin PBXGroup section */
		8D07E0EB2306F69700E2E0D0 /* CanvasView */ = {
			isa = PBXGroup;
			children = (
				8D07E0EC2306F6D600E2E0D0 /* CanvasRendererView.swift */,
			);
			path = CanvasView;
			sourceTree = "<group>";
		};
		8D0934ED22F488590040F3B2 /* ShapeView */ = {
			isa = PBXGroup;
			children = (
				8D0934F122F48A410040F3B2 /* ShapeViewDTO.swift */,
			);
			path = ShapeView;
			sourceTree = "<group>";
		};
		8D0934EE22F488600040F3B2 /* Canvas */ = {
			isa = PBXGroup;
			children = (
				8D0934EF22F488800040F3B2 /* CanvasDTO.swift */,
			);
			path = Canvas;
			sourceTree = "<group>";
		};
		8D0C0F9C22F80F5700231D37 /* Translator */ = {
			isa = PBXGroup;
			children = (
				8D0C0F9D22F8100A00231D37 /* StorageModelsTranslatable.swift */,
				8D10D9E422FAC71100A3BD28 /* StorageModelsTranslator.swift */,
				8D10D9E222FAC67900A3BD28 /* Canvas */,
				8D10D9ED22FAE4CD00A3BD28 /* CanvasShapeView */,
				8D10D9E322FAC68300A3BD28 /* Color */,
			);
			path = Translator;
			sourceTree = "<group>";
		};
		8D0C0FA122F81D5300231D37 /* Canvas */ = {
			isa = PBXGroup;
			children = (
				8DD4248322F3022D003122B4 /* CanvasEntityMapable.swift */,
				8DD4248422F3022D003122B4 /* CoreDataEntityMapper+Canvas.swift */,
			);
			path = Canvas;
			sourceTree = "<group>";
		};
		8D0C0FAE22F86F8000231D37 /* ShapeView */ = {
			isa = PBXGroup;
			children = (
				8D0C0FAA22F869E400231D37 /* ShapeViewMapable.swift */,
				8D0C0FAC22F86F6C00231D37 /* CoreDataEntityMapper+ShapeView.swift */,
			);
			path = ShapeView;
			sourceTree = "<group>";
		};
		8D0C0FAF22F8885100231D37 /* Design */ = {
			isa = PBXGroup;
			children = (
				8D0C0FB022F8886300231D37 /* DesignNamespace.swift */,
				8D0C0FB222F8888400231D37 /* Design+Colors.swift */,
			);
			path = Design;
			sourceTree = "<group>";
		};
		8D0C0FB622F88F0200231D37 /* Views */ = {
			isa = PBXGroup;
			children = (
				8D0C0FB722F88F1500231D37 /* GridView */,
				8D6BAE4E22D35D5600FF383C /* ShapeView */,
			);
			path = Views;
			sourceTree = "<group>";
		};
		8D0C0FB722F88F1500231D37 /* GridView */ = {
			isa = PBXGroup;
			children = (
				8D0C0FB822F88F2F00231D37 /* GridView.swift */,
			);
			path = GridView;
			sourceTree = "<group>";
		};
		8D0EA80222F973580069A619 /* DataStoreAdapter */ = {
			isa = PBXGroup;
			children = (
				8DD4248722F3022D003122B4 /* DataStorageAdapter.swift */,
			);
			path = DataStoreAdapter;
			sourceTree = "<group>";
		};
		8D0EA80322F973C00069A619 /* CoreData */ = {
			isa = PBXGroup;
			children = (
				8D0EA80522F973E40069A619 /* Adapter */,
				8DD4248B22F3022D003122B4 /* CoreDataManager.swift */,
				8DD4248E22F3022D003122B4 /* PersistentContainer.swift */,
				8DD4248C22F3022D003122B4 /* ManagedObjectModel.xcdatamodeld */,
			);
			path = CoreData;
			sourceTree = "<group>";
		};
		8D0EA80522F973E40069A619 /* Adapter */ = {
			isa = PBXGroup;
			children = (
				8DD4248F22F3022D003122B4 /* CoreDataManagerAdapter.swift */,
				8D0EA80622F974070069A619 /* CoreDataManagerAdapter+CanvasStorable.swift */,
				8D0EA80822F974640069A619 /* CoreDataManagerAdapter+ShapeViewsStorable.swift */,
			);
			path = Adapter;
			sourceTree = "<group>";
		};
		8D10D9E222FAC67900A3BD28 /* Canvas */ = {
			isa = PBXGroup;
			children = (
				8D10D9E622FAC7D200A3BD28 /* CanvasMapable.swift */,
				8D0C0F9F22F8113400231D37 /* StorageModelsTranslator+Canvas.swift */,
			);
			path = Canvas;
			sourceTree = "<group>";
		};
		8D10D9E322FAC68300A3BD28 /* Color */ = {
			isa = PBXGroup;
			children = (
				8D10D9E822FAC7F900A3BD28 /* ColorMapable.swift */,
				8D10D9EA22FACD8900A3BD28 /* StorageModelsTranslator+Color.swift */,
			);
			path = Color;
			sourceTree = "<group>";
		};
		8D10D9ED22FAE4CD00A3BD28 /* CanvasShapeView */ = {
			isa = PBXGroup;
			children = (
				8D10D9EE22FAE51E00A3BD28 /* CanvasShapeViewMapable.swift */,
				8D10D9F022FAE5F200A3BD28 /* StorageModelsTranslator+ShapeView.swift */,
			);
			path = CanvasShapeView;
			sourceTree = "<group>";
		};
		8D18D8E122F1C9F100C588E9 /* Frameworks */ = {
			isa = PBXGroup;
			children = (
			);
			name = Frameworks;
			sourceTree = "<group>";
		};
		8D18F17A22D5D2F300E7B1E0 /* Extensions */ = {
			isa = PBXGroup;
			children = (
				8D18F17B22D5D30900E7B1E0 /* UIViewController+StoryboardLoadable.swift */,
				8D4C8A2422E0590A00282747 /* UIAlertController+AddCanvas.swift */,
				8D4C8A3B22E0CC3400282747 /* UIColor+Extension.swift */,
				8DC0109A22E59E7500010BCA /* Array+Extension.swift */,
				8DBB259922E8596500546D23 /* UIView+Extensions.swift */,
				8DB7D78222EB45A300430C18 /* RGBAColor+Extensions.swift */,
				8D8ABB5222EF25010084E4BB /* ShapeStyle+CAShapeLayer.swift */,
				8D7F234F22F031E700BA7245 /* CGRect+Extensions.swift */,
			);
			path = Extensions;
			sourceTree = "<group>";
		};
		8D18F17F22D60F3E00E7B1E0 /* CanvasView */ = {
			isa = PBXGroup;
			children = (
				8DE758CB22E703090069A6B4 /* CanvasModule.swift */,
				8DE758CD22E703300069A6B4 /* CanvasModuleOutput.swift */,
				8DE758C922E702E60069A6B4 /* Presenter */,
				8DE758C822E702E10069A6B4 /* View */,
			);
			path = CanvasView;
			sourceTree = "<group>";
		};
		8D18F18022D60F5400E7B1E0 /* MainView */ = {
			isa = PBXGroup;
			children = (
				8D18F18322D60F8200E7B1E0 /* MainScreenViewController.swift */,
				8D18F18522D60F8C00E7B1E0 /* MainScreenViewController.storyboard */,
			);
			path = MainView;
			sourceTree = "<group>";
		};
		8D19EB3422FD795400D21160 /* CanvasViewDropInteractor */ = {
			isa = PBXGroup;
			children = (
				8D7F235122F043BA00BA7245 /* CanvasViewDropInteractor.swift */,
				8D19EB3522FD796C00D21160 /* CanvasViewDropInteractorDelegate.swift */,
			);
			path = CanvasViewDropInteractor;
			sourceTree = "<group>";
		};
		8D1B86CB22F2CC530094BAB8 /* AtomicProperty */ = {
			isa = PBXGroup;
			children = (
				8D1B86CC22F2CC530094BAB8 /* AtomicProperty.h */,
				8D4D01CE22DF5FB000348F7A /* AtomicProperty.swift */,
				8D1B86CD22F2CC530094BAB8 /* Info.plist */,
			);
			path = AtomicProperty;
			sourceTree = "<group>";
		};
		8D1CCE1C230BF46E00FDC03F /* Views */ = {
			isa = PBXGroup;
			children = (
				8D1CCE1D230BF48600FDC03F /* CanvasContainerView.swift */,
				8D057069230D62A60040366D /* CenteredContentScrollView.swift */,
				8D05706B230D65420040366D /* CanvasScrollView.swift */,
			);
			path = Views;
			sourceTree = "<group>";
		};
		8D21CD0F22DCC88300EA3948 /* CanvasList */ = {
			isa = PBXGroup;
			children = (
				8DB8B0EF22E1B7B200EB71D4 /* CanvasListModule.swift */,
				8DB8B0F422E1BBF300EB71D4 /* CanvasListModuleOutput.swift */,
				8DB8B0E322E1AA2A00EB71D4 /* Presenter */,
				8DB8B0E522E1AA4B00EB71D4 /* View */,
				8D21CD1422DCC95400EA3948 /* CanvasTableView */,
			);
			path = CanvasList;
			sourceTree = "<group>";
		};
		8D21CD1422DCC95400EA3948 /* CanvasTableView */ = {
			isa = PBXGroup;
			children = (
				8D21CD1522DCC99B00EA3948 /* CanvasTableView.swift */,
				8DC0109C22E59F0E00010BCA /* CanvasTableViewDelegate.swift */,
			);
			path = CanvasTableView;
			sourceTree = "<group>";
		};
		8D4C8A2722E070F100282747 /* StorageManager */ = {
			isa = PBXGroup;
			children = (
				8D0C0F9C22F80F5700231D37 /* Translator */,
				8D4D01D022DF67E100348F7A /* StorageManageable.swift */,
				8D4C8A2822E070F700282747 /* StorageManager.swift */,
				8D10D9F222FB069100A3BD28 /* StorageManager+CanvasStorable.swift */,
				8D10D9F422FB088700A3BD28 /* StorageManager+ShapeViewStorable.swift */,
			);
			path = StorageManager;
			sourceTree = "<group>";
		};
		8D4CB03B22F9DCC100E60B1F /* Color */ = {
			isa = PBXGroup;
			children = (
				8D4CB03C22F9DCD400E60B1F /* ColorDTO.swift */,
			);
			path = Color;
			sourceTree = "<group>";
		};
		8D4CB03E22F9DD8E00E60B1F /* Color */ = {
			isa = PBXGroup;
			children = (
				8D4CB03F22F9DDA900E60B1F /* ColorMapable.swift */,
				8D4CB04122F9DE6800E60B1F /* CoreDataEntityMapper+Color.swift */,
			);
			path = Color;
			sourceTree = "<group>";
		};
		8D4D01D222DF70A200348F7A /* Canvas */ = {
			isa = PBXGroup;
			children = (
				8D4D01D322DF70AF00348F7A /* Canvas.swift */,
				8D4CB03822F9CE4100E60B1F /* Canvas+ShapeViewModel.swift */,
			);
			path = Canvas;
			sourceTree = "<group>";
		};
		8D62FCE42302B687001DF102 /* ShapesDragAndDropDTO */ = {
			isa = PBXGroup;
			children = (
				8D62FCE52302B6A0001DF102 /* ShapesDragAndDropDTO.swift */,
			);
			path = ShapesDragAndDropDTO;
			sourceTree = "<group>";
		};
		8D6BAE1B22D332E900FF383C = {
			isa = PBXGroup;
			children = (
				8D6BAE2622D332E900FF383C /* Photify */,
				8D1B86CB22F2CC530094BAB8 /* AtomicProperty */,
				8DD4246022F3018C003122B4 /* DataStorage */,
				8D6BAE2522D332E900FF383C /* Products */,
				8D18D8E122F1C9F100C588E9 /* Frameworks */,
			);
			sourceTree = "<group>";
		};
		8D6BAE2522D332E900FF383C /* Products */ = {
			isa = PBXGroup;
			children = (
				8D6BAE2422D332E900FF383C /* Photify.app */,
				8D1B86CA22F2CC530094BAB8 /* AtomicProperty.framework */,
				8DD4245F22F3018C003122B4 /* DataStorage.framework */,
			);
			name = Products;
			sourceTree = "<group>";
		};
		8D6BAE2622D332E900FF383C /* Photify */ = {
			isa = PBXGroup;
			children = (
				8D6BAE3C22D340D100FF383C /* Main */,
				8D6BAE6022D39BCC00FF383C /* Screens */,
				8DB8B0ED22E1B4EC00EB71D4 /* Drawing */,
				8D1CCE1C230BF46E00FDC03F /* Views */,
				8DB8B0E822E1AD3700EB71D4 /* Services */,
				8DB8B0EC22E1B44D00EB71D4 /* CoreServices */,
				8DE758DA22E754B70069A6B4 /* Controls */,
				8DD103A822D494E10052B13B /* Models */,
				8DB8B0F122E1B7C500EB71D4 /* Protocols */,
				8D18F17A22D5D2F300E7B1E0 /* Extensions */,
				8DB8B0EA22E1B38100EB71D4 /* Utility */,
				8D6BAE3D22D340E100FF383C /* Resources */,
			);
			path = Photify;
			sourceTree = "<group>";
		};
		8D6BAE3C22D340D100FF383C /* Main */ = {
			isa = PBXGroup;
			children = (
				8DB8B10722E2043500EB71D4 /* Router */,
				8DD103BF22D4C9660052B13B /* Assemblers */,
				8DD103BA22D4C8B90052B13B /* Coordinator */,
				8D6BAE2722D332E900FF383C /* AppDelegate.swift */,
			);
			path = Main;
			sourceTree = "<group>";
		};
		8D6BAE3D22D340E100FF383C /* Resources */ = {
			isa = PBXGroup;
			children = (
				8D6BAE3122D332EA00FF383C /* Assets.xcassets */,
				8D6BAE3322D332EA00FF383C /* LaunchScreen.storyboard */,
				8D6BAE3622D332EA00FF383C /* Info.plist */,
			);
			path = Resources;
			sourceTree = "<group>";
		};
		8D6BAE4322D3474E00FF383C /* Shapes */ = {
			isa = PBXGroup;
			children = (
				8D6BAE3F22D3456C00FF383C /* Shape.swift */,
				8D6BAE4422D3476500FF383C /* Rectangle.swift */,
				8D6BAE4822D357BE00FF383C /* Circle.swift */,
				8D6BAE4C22D35B5400FF383C /* Ellipse.swift */,
				8D6BAE4A22D3590500FF383C /* Hexagon.swift */,
				8D6BAE5A22D37FC000FF383C /* Triangle.swift */,
				8DD103A622D47CC70052B13B /* Star.swift */,
				8D18F17D22D5FA5A00E7B1E0 /* XMark.swift */,
				8D0C0FB422F889FF00231D37 /* Grid.swift */,
			);
			path = Shapes;
			sourceTree = "<group>";
		};
		8D6BAE4E22D35D5600FF383C /* ShapeView */ = {
			isa = PBXGroup;
			children = (
				8DBB258D22E84BF600546D23 /* AnyShape.swift */,
				8D6BAE4122D345BC00FF383C /* ShapeView.swift */,
			);
			path = ShapeView;
			sourceTree = "<group>";
		};
		8D6BAE5122D35EE500FF383C /* Geometry */ = {
			isa = PBXGroup;
			children = (
				8D6BAE5222D35EFF00FF383C /* GeometryNamespace.swift */,
				8D6BAE5422D35F1F00FF383C /* CircleGeometry.swift */,
				8D6BAE5622D35FC400FF383C /* RectangleGeometry.swift */,
				8D6BAE5822D3703400FF383C /* AngleGeometry.swift */,
			);
			path = Geometry;
			sourceTree = "<group>";
		};
		8D6BAE6022D39BCC00FF383C /* Screens */ = {
			isa = PBXGroup;
			children = (
				8D21CD0F22DCC88300EA3948 /* CanvasList */,
				8D18F18022D60F5400E7B1E0 /* MainView */,
				8D18F17F22D60F3E00E7B1E0 /* CanvasView */,
			);
			path = Screens;
			sourceTree = "<group>";
		};
		8D8ABB4F22EF03350084E4BB /* ShapeStyle */ = {
			isa = PBXGroup;
			children = (
				8D8ABB5022EF03440084E4BB /* ShapeStyle.swift */,
				8D8ABB5422EF2A160084E4BB /* ShapeStyle+Fill.swift */,
				8D8ABB5622EF2A4F0084E4BB /* ShapeStyle+Line.swift */,
			);
			path = ShapeStyle;
			sourceTree = "<group>";
		};
		8DB7D77F22EB3CAD00430C18 /* Color */ = {
			isa = PBXGroup;
			children = (
				8DB7D78022EB3CD000430C18 /* RGBAColor.swift */,
				8DB7D77D22EB3C7700430C18 /* Color.swift */,
			);
			path = Color;
			sourceTree = "<group>";
		};
		8DB8B0E322E1AA2A00EB71D4 /* Presenter */ = {
			isa = PBXGroup;
			children = (
				8DB8B0F622E1BD5700EB71D4 /* СanvasesListPresenterProtocol.swift */,
				8DB8B0F822E1BEDF00EB71D4 /* CanvasesListPresenter.swift */,
				8DB8B0FC22E1DFCC00EB71D4 /* CanvasesListPresenterOutput.swift */,
			);
			path = Presenter;
			sourceTree = "<group>";
		};
		8DB8B0E522E1AA4B00EB71D4 /* View */ = {
			isa = PBXGroup;
			children = (
				8DB8B0FA22E1C36E00EB71D4 /* CanvasListView.swift */,
				8D21CD1022DCC8B000EA3948 /* CanvasListViewController.swift */,
				8D21CD1222DCC8BB00EA3948 /* CanvasListViewController.storyboard */,
			);
			path = View;
			sourceTree = "<group>";
		};
		8DB8B0E822E1AD3700EB71D4 /* Services */ = {
			isa = PBXGroup;
			children = (
				8DBB259022E8521C00546D23 /* ShapesProvider */,
				8DC0109E22E5B17B00010BCA /* CanvasListManagementService */,
			);
			path = Services;
			sourceTree = "<group>";
		};
		8DB8B0EA22E1B38100EB71D4 /* Utility */ = {
			isa = PBXGroup;
			children = (
				8D0C0FAF22F8885100231D37 /* Design */,
				8D07E0D2230699D900E2E0D0 /* DebugPrint.swift */,
				8DF18A2A22D79CFD0090A2FE /* SingleReceiverBinding.swift */,
			);
			name = Utility;
			path = Core/Utility;
			sourceTree = "<group>";
		};
		8DB8B0EB22E1B3BF00EB71D4 /* Shapes */ = {
			isa = PBXGroup;
			children = (
				8D8ABB4F22EF03350084E4BB /* ShapeStyle */,
				8D6BAE4322D3474E00FF383C /* Shapes */,
				8DD424A322F32332003122B4 /* ShapeType.swift */,
			);
			path = Shapes;
			sourceTree = "<group>";
		};
		8DB8B0EC22E1B44D00EB71D4 /* CoreServices */ = {
			isa = PBXGroup;
			children = (
				8DD424A022F31AAB003122B4 /* CanvasService */,
				8D4C8A2722E070F100282747 /* StorageManager */,
			);
			path = CoreServices;
			sourceTree = "<group>";
		};
		8DB8B0ED22E1B4EC00EB71D4 /* Drawing */ = {
			isa = PBXGroup;
			children = (
				8D07E0EB2306F69700E2E0D0 /* CanvasView */,
				8D6BAE5122D35EE500FF383C /* Geometry */,
				8DB8B0EB22E1B3BF00EB71D4 /* Shapes */,
				8D0C0FB622F88F0200231D37 /* Views */,
				8D1BADC0230AEBC000F1EACD /* CGContext+Extensions.swift */,
			);
			path = Drawing;
			sourceTree = "<group>";
		};
		8DB8B0F122E1B7C500EB71D4 /* Protocols */ = {
			isa = PBXGroup;
			children = (
				8DB8B0F222E1B8E600EB71D4 /* ViewControllerBasedModule.swift */,
				8D62FCE22302A8B6001DF102 /* ShapeTypeToShapeConvertable.swift */,
			);
			path = Protocols;
			sourceTree = "<group>";
		};
		8DB8B0FE22E1E3B100EB71D4 /* AppAssemblers */ = {
			isa = PBXGroup;
			children = (
				8DD103C022D4C9A80052B13B /* AppAssemblerType.swift */,
				8D18F17622D5D0C900E7B1E0 /* AppAssembler.swift */,
			);
			path = AppAssemblers;
			sourceTree = "<group>";
		};
		8DB8B0FF22E1E3BB00EB71D4 /* ModulesAssembler */ = {
			isa = PBXGroup;
			children = (
				8DB8B10022E1E47B00EB71D4 /* ModulesBuilder.swift */,
				8DB8B10222E1E91500EB71D4 /* ModulesAssembler.swift */,
			);
			path = ModulesAssembler;
			sourceTree = "<group>";
		};
		8DB8B10722E2043500EB71D4 /* Router */ = {
			isa = PBXGroup;
			children = (
				8DB8B10822E2044C00EB71D4 /* PushRouter.swift */,
				8DB8B10A22E205B800EB71D4 /* Router.swift */,
			);
			path = Router;
			sourceTree = "<group>";
		};
		8DBB258B22E842E800546D23 /* ShapesCollectionView */ = {
			isa = PBXGroup;
			children = (
				8DE758DB22E7561B0069A6B4 /* ShapesCollectionView.swift */,
				8DBB258922E842E500546D23 /* ShapesCollectionViewLayout.swift */,
				8D11BFCA22EB508200B3F68F /* ShapesCollectionView+ViewModel.swift */,
				8DBB259622E8583A00546D23 /* Views */,
				8DBB258C22E8432300546D23 /* Cells */,
			);
			path = ShapesCollectionView;
			sourceTree = "<group>";
		};
		8DBB258C22E8432300546D23 /* Cells */ = {
			isa = PBXGroup;
			children = (
				8D8ABB5A22EF45CD0084E4BB /* ShapeCollectionViewCell+Configurable.swift */,
				8DE758DD22E756A60069A6B4 /* ShapeCollectionViewCell.swift */,
				8DE758DE22E756A60069A6B4 /* ShapeCollectionViewCell.xib */,
			);
			path = Cells;
			sourceTree = "<group>";
		};
		8DBB259022E8521C00546D23 /* ShapesProvider */ = {
			isa = PBXGroup;
			children = (
				8DBB259122E8523D00546D23 /* ShapesProvider.swift */,
			);
			path = ShapesProvider;
			sourceTree = "<group>";
		};
		8DBB259622E8583A00546D23 /* Views */ = {
			isa = PBXGroup;
			children = (
				8DBB259722E8585A00546D23 /* SingleViewContainer.swift */,
			);
			path = Views;
			sourceTree = "<group>";
		};
		8DBB259B22E8869A00546D23 /* ColorPicker */ = {
			isa = PBXGroup;
			children = (
				8DD1A16922E9FCEA0016BE5C /* ColorsPickerCollectionView */,
				8D84290A22E8A86500D20FFC /* ColoredCircleView.swift */,
				8DBB259C22E886B700546D23 /* ColorPicker.swift */,
				8DB7D77B22EB2BC700430C18 /* ColorPickerDelegate.swift */,
			);
			path = ColorPicker;
			sourceTree = "<group>";
		};
		8DC0109E22E5B17B00010BCA /* CanvasListManagementService */ = {
			isa = PBXGroup;
			children = (
				8DC0109F22E5B1CF00010BCA /* CanvasListManagementService.swift */,
				8DC010A122E5B1F100010BCA /* CanvasListManagementServiceProtocol.swift */,
			);
			path = CanvasListManagementService;
			sourceTree = "<group>";
		};
		8DD103A822D494E10052B13B /* Models */ = {
			isa = PBXGroup;
			children = (
				8D62FCE42302B687001DF102 /* ShapesDragAndDropDTO */,
				8DD424A522F324AE003122B4 /* ShapeViewRepresentation */,
				8DB7D77F22EB3CAD00430C18 /* Color */,
				8D4D01D222DF70A200348F7A /* Canvas */,
			);
			path = Models;
			sourceTree = "<group>";
		};
		8DD103BA22D4C8B90052B13B /* Coordinator */ = {
			isa = PBXGroup;
			children = (
				8DD103BB22D4C8D10052B13B /* Coordinator.swift */,
				8DD103BD22D4C8F30052B13B /* AppCoordinator.swift */,
			);
			path = Coordinator;
			sourceTree = "<group>";
		};
		8DD103BF22D4C9660052B13B /* Assemblers */ = {
			isa = PBXGroup;
			children = (
				8DB8B0FF22E1E3BB00EB71D4 /* ModulesAssembler */,
				8DB8B0FE22E1E3B100EB71D4 /* AppAssemblers */,
			);
			path = Assemblers;
			sourceTree = "<group>";
		};
		8DD1A16922E9FCEA0016BE5C /* ColorsPickerCollectionView */ = {
			isa = PBXGroup;
			children = (
				8DD1A16E22EA00AC0016BE5C /* Cells */,
				8DD1A16A22E9FD340016BE5C /* ColorsPickerCollectionView.swift */,
				8DD1A16C22E9FDD20016BE5C /* ColorsPickerCollectionViewLayout.swift */,
			);
			path = ColorsPickerCollectionView;
			sourceTree = "<group>";
		};
		8DD1A16E22EA00AC0016BE5C /* Cells */ = {
			isa = PBXGroup;
			children = (
				8DD1A17122EA00DB0016BE5C /* ColorsPickerCollectionViewColorCell.swift */,
				8DD1A17222EA00DB0016BE5C /* ColorsPickerCollectionViewColorCell.xib */,
				8DD1A17722EA03470016BE5C /* ColorsPickerCollectionViewColorCellDelegate.swift */,
			);
			path = Cells;
			sourceTree = "<group>";
		};
		8DD4246022F3018C003122B4 /* DataStorage */ = {
			isa = PBXGroup;
			children = (
				8DD4249022F3022D003122B4 /* EntitiyTypes */,
				8DD4248222F3022D003122B4 /* Mappers */,
				8DD4248822F3022D003122B4 /* Source */,
				8DD4246122F3018C003122B4 /* DataStorage.h */,
				8DD4246222F3018C003122B4 /* Info.plist */,
			);
			path = DataStorage;
			sourceTree = "<group>";
		};
		8DD4248222F3022D003122B4 /* Mappers */ = {
			isa = PBXGroup;
			children = (
				8DD4248522F3022D003122B4 /* ManagedObjectMapable.swift */,
				8DD4248622F3022D003122B4 /* CoreDataEntityMapper.swift */,
				8D0C0FA122F81D5300231D37 /* Canvas */,
				8D0C0FAE22F86F8000231D37 /* ShapeView */,
				8D4CB03E22F9DD8E00E60B1F /* Color */,
			);
			path = Mappers;
			sourceTree = "<group>";
		};
		8DD4248822F3022D003122B4 /* Source */ = {
			isa = PBXGroup;
			children = (
				8DD4248922F3022D003122B4 /* DataStorage.swift */,
				8DD4248A22F3022D003122B4 /* Core */,
			);
			path = Source;
			sourceTree = "<group>";
		};
		8DD4248A22F3022D003122B4 /* Core */ = {
			isa = PBXGroup;
			children = (
				8D0EA80222F973580069A619 /* DataStoreAdapter */,
				8D0EA80322F973C00069A619 /* CoreData */,
			);
			path = Core;
			sourceTree = "<group>";
		};
		8DD4249022F3022D003122B4 /* EntitiyTypes */ = {
			isa = PBXGroup;
			children = (
				8D0934EE22F488600040F3B2 /* Canvas */,
				8D0934ED22F488590040F3B2 /* ShapeView */,
				8D4CB03B22F9DCC100E60B1F /* Color */,
			);
			path = EntitiyTypes;
			sourceTree = "<group>";
		};
		8DD424A022F31AAB003122B4 /* CanvasService */ = {
			isa = PBXGroup;
			children = (
				8DD4249E22F31AA6003122B4 /* CanvasService.swift */,
				8DD424A122F31AF8003122B4 /* CanvasServiceProtocol.swift */,
			);
			path = CanvasService;
			sourceTree = "<group>";
		};
		8DD424A522F324AE003122B4 /* ShapeViewRepresentation */ = {
			isa = PBXGroup;
			children = (
				8DD424A622F32530003122B4 /* ShapeViewRepresentation.swift */,
			);
			path = ShapeViewRepresentation;
			sourceTree = "<group>";
		};
		8DE758C822E702E10069A6B4 /* View */ = {
			isa = PBXGroup;
			children = (
				8DE758D322E703F90069A6B4 /* CanvasView.swift */,
				8D6BAE2922D332E900FF383C /* CanvasViewController.swift */,
				8D18F17822D5D29200E7B1E0 /* CanvasViewController.storyboard */,
				8D19EB3422FD795400D21160 /* CanvasViewDropInteractor */,
			);
			path = View;
			sourceTree = "<group>";
		};
		8DE758C922E702E60069A6B4 /* Presenter */ = {
			isa = PBXGroup;
			children = (
				8DE758CF22E703B20069A6B4 /* CanvasPresenter.swift */,
				8DE758D122E703BF0069A6B4 /* CanvasPresenterProtocol.swift */,
				8DE758D522E705F70069A6B4 /* CanvasPresenterOutput.swift */,
			);
			path = Presenter;
			sourceTree = "<group>";
		};
		8DE758DA22E754B70069A6B4 /* Controls */ = {
			isa = PBXGroup;
			children = (
				8DBB259B22E8869A00546D23 /* ColorPicker */,
				8DBB258B22E842E800546D23 /* ShapesCollectionView */,
			);
			path = Controls;
			sourceTree = "<group>";
		};
/* End PBXGroup section */

/* Begin PBXHeadersBuildPhase section */
		8D1B86C522F2CC530094BAB8 /* Headers */ = {
			isa = PBXHeadersBuildPhase;
			buildActionMask = 2147483647;
			files = (
				8D1B86CE22F2CC530094BAB8 /* AtomicProperty.h in Headers */,
			);
			runOnlyForDeploymentPostprocessing = 0;
		};
		8DD4245A22F3018C003122B4 /* Headers */ = {
			isa = PBXHeadersBuildPhase;
			buildActionMask = 2147483647;
			files = (
				8D09350222F4A6F50040F3B2 /* DataStorage.h in Headers */,
			);
			runOnlyForDeploymentPostprocessing = 0;
		};
/* End PBXHeadersBuildPhase section */

/* Begin PBXNativeTarget section */
		8D1B86C922F2CC530094BAB8 /* AtomicProperty */ = {
			isa = PBXNativeTarget;
			buildConfigurationList = 8D1B86D322F2CC530094BAB8 /* Build configuration list for PBXNativeTarget "AtomicProperty" */;
			buildPhases = (
				8D1B86C522F2CC530094BAB8 /* Headers */,
				8D1B86C622F2CC530094BAB8 /* Sources */,
				8D1B86C722F2CC530094BAB8 /* Frameworks */,
				8D1B86C822F2CC530094BAB8 /* Resources */,
			);
			buildRules = (
			);
			dependencies = (
			);
			name = AtomicProperty;
			productName = AtomicProperty;
			productReference = 8D1B86CA22F2CC530094BAB8 /* AtomicProperty.framework */;
			productType = "com.apple.product-type.framework";
		};
		8D6BAE2322D332E900FF383C /* Photify */ = {
			isa = PBXNativeTarget;
			buildConfigurationList = 8D6BAE3922D332EA00FF383C /* Build configuration list for PBXNativeTarget "Photify" */;
			buildPhases = (
				8D6BAE2022D332E900FF383C /* Sources */,
				8D6BAE2122D332E900FF383C /* Frameworks */,
				8D6BAE2222D332E900FF383C /* Resources */,
				8D0C0FA822F834BB00231D37 /* Embed Frameworks */,
			);
			buildRules = (
			);
			dependencies = (
				8D0C0FA722F834BB00231D37 /* PBXTargetDependency */,
				8D19EB3A22FD877D00D21160 /* PBXTargetDependency */,
			);
			name = Photify;
			productName = Photify;
			productReference = 8D6BAE2422D332E900FF383C /* Photify.app */;
			productType = "com.apple.product-type.application";
		};
		8DD4245E22F3018C003122B4 /* DataStorage */ = {
			isa = PBXNativeTarget;
			buildConfigurationList = 8DD4246622F3018C003122B4 /* Build configuration list for PBXNativeTarget "DataStorage" */;
			buildPhases = (
				8DD4245A22F3018C003122B4 /* Headers */,
				8DD4245B22F3018C003122B4 /* Sources */,
				8DD4245C22F3018C003122B4 /* Frameworks */,
				8DD4245D22F3018C003122B4 /* Resources */,
			);
			buildRules = (
			);
			dependencies = (
			);
			name = DataStorage;
			productName = DataStorage;
			productReference = 8DD4245F22F3018C003122B4 /* DataStorage.framework */;
			productType = "com.apple.product-type.framework";
		};
/* End PBXNativeTarget section */

/* Begin PBXProject section */
		8D6BAE1C22D332E900FF383C /* Project object */ = {
			isa = PBXProject;
			attributes = {
				LastSwiftUpdateCheck = 1020;
				LastUpgradeCheck = 1020;
				ORGANIZATIONNAME = Galushka;
				TargetAttributes = {
					8D1B86C922F2CC530094BAB8 = {
						CreatedOnToolsVersion = 10.2.1;
					};
					8D6BAE2322D332E900FF383C = {
						CreatedOnToolsVersion = 10.2.1;
					};
					8DD4245E22F3018C003122B4 = {
						CreatedOnToolsVersion = 10.2.1;
						LastSwiftMigration = 1020;
					};
				};
			};
			buildConfigurationList = 8D6BAE1F22D332E900FF383C /* Build configuration list for PBXProject "Photify" */;
			compatibilityVersion = "Xcode 9.3";
			developmentRegion = en;
			hasScannedForEncodings = 0;
			knownRegions = (
				en,
				Base,
			);
			mainGroup = 8D6BAE1B22D332E900FF383C;
			productRefGroup = 8D6BAE2522D332E900FF383C /* Products */;
			projectDirPath = "";
			projectRoot = "";
			targets = (
				8D6BAE2322D332E900FF383C /* Photify */,
				8D1B86C922F2CC530094BAB8 /* AtomicProperty */,
				8DD4245E22F3018C003122B4 /* DataStorage */,
			);
		};
/* End PBXProject section */

/* Begin PBXResourcesBuildPhase section */
		8D1B86C822F2CC530094BAB8 /* Resources */ = {
			isa = PBXResourcesBuildPhase;
			buildActionMask = 2147483647;
			files = (
			);
			runOnlyForDeploymentPostprocessing = 0;
		};
		8D6BAE2222D332E900FF383C /* Resources */ = {
			isa = PBXResourcesBuildPhase;
			buildActionMask = 2147483647;
			files = (
				8DE758E022E756A60069A6B4 /* ShapeCollectionViewCell.xib in Resources */,
				8D6BAE3522D332EA00FF383C /* LaunchScreen.storyboard in Resources */,
				8D18F17922D5D29200E7B1E0 /* CanvasViewController.storyboard in Resources */,
				8D18F18622D60F8C00E7B1E0 /* MainScreenViewController.storyboard in Resources */,
				8D21CD1322DCC8BB00EA3948 /* CanvasListViewController.storyboard in Resources */,
				8D6BAE3222D332EA00FF383C /* Assets.xcassets in Resources */,
				8DD1A17422EA00DB0016BE5C /* ColorsPickerCollectionViewColorCell.xib in Resources */,
			);
			runOnlyForDeploymentPostprocessing = 0;
		};
		8DD4245D22F3018C003122B4 /* Resources */ = {
			isa = PBXResourcesBuildPhase;
			buildActionMask = 2147483647;
			files = (
			);
			runOnlyForDeploymentPostprocessing = 0;
		};
/* End PBXResourcesBuildPhase section */

/* Begin PBXSourcesBuildPhase section */
		8D1B86C622F2CC530094BAB8 /* Sources */ = {
			isa = PBXSourcesBuildPhase;
			buildActionMask = 2147483647;
			files = (
				8D1B86D722F2CC600094BAB8 /* AtomicProperty.swift in Sources */,
			);
			runOnlyForDeploymentPostprocessing = 0;
		};
		8D6BAE2022D332E900FF383C /* Sources */ = {
			isa = PBXSourcesBuildPhase;
			buildActionMask = 2147483647;
			files = (
				8DB7D77C22EB2BC700430C18 /* ColorPickerDelegate.swift in Sources */,
				8DC0109D22E59F0E00010BCA /* CanvasTableViewDelegate.swift in Sources */,
				8DE758D422E703F90069A6B4 /* CanvasView.swift in Sources */,
				8D10D9F322FB069100A3BD28 /* StorageManager+CanvasStorable.swift in Sources */,
				8DF18A2B22D79CFD0090A2FE /* SingleReceiverBinding.swift in Sources */,
				8D6BAE4222D345BC00FF383C /* ShapeView.swift in Sources */,
				8D6BAE5922D3703400FF383C /* AngleGeometry.swift in Sources */,
				8DBB259A22E8596500546D23 /* UIView+Extensions.swift in Sources */,
				8D07E0ED2306F6D600E2E0D0 /* CanvasRendererView.swift in Sources */,
				8D62FCE32302A8B6001DF102 /* ShapeTypeToShapeConvertable.swift in Sources */,
				8DB8B0F522E1BBF300EB71D4 /* CanvasListModuleOutput.swift in Sources */,
				8D6BAE5522D35F1F00FF383C /* CircleGeometry.swift in Sources */,
				8DBB258A22E842E500546D23 /* ShapesCollectionViewLayout.swift in Sources */,
				8D6BAE4922D357BE00FF383C /* Circle.swift in Sources */,
				8D10D9E522FAC71100A3BD28 /* StorageModelsTranslator.swift in Sources */,
				8D05706C230D65420040366D /* CanvasScrollView.swift in Sources */,
				8DD4249F22F31AA6003122B4 /* CanvasService.swift in Sources */,
				8D07E0D3230699D900E2E0D0 /* DebugPrint.swift in Sources */,
				8D1CCE1E230BF48600FDC03F /* CanvasContainerView.swift in Sources */,
				8DD1A16B22E9FD340016BE5C /* ColorsPickerCollectionView.swift in Sources */,
				8D8ABB5722EF2A4F0084E4BB /* ShapeStyle+Line.swift in Sources */,
				8D6BAE5722D35FC400FF383C /* RectangleGeometry.swift in Sources */,
				8DD1A16D22E9FDD20016BE5C /* ColorsPickerCollectionViewLayout.swift in Sources */,
				8DE758D022E703B20069A6B4 /* CanvasPresenter.swift in Sources */,
				8D0C0FB122F8886300231D37 /* DesignNamespace.swift in Sources */,
				8D18F18422D60F8200E7B1E0 /* MainScreenViewController.swift in Sources */,
				8DB8B10B22E205B800EB71D4 /* Router.swift in Sources */,
				8DC0109B22E59E7500010BCA /* Array+Extension.swift in Sources */,
				8DB8B0FB22E1C36E00EB71D4 /* CanvasListView.swift in Sources */,
				8D6BAE4B22D3590500FF383C /* Hexagon.swift in Sources */,
				8D18F17722D5D0C900E7B1E0 /* AppAssembler.swift in Sources */,
				8D6BAE2A22D332E900FF383C /* CanvasViewController.swift in Sources */,
				8D0C0F9E22F8100A00231D37 /* StorageModelsTranslatable.swift in Sources */,
				8DB8B10322E1E91500EB71D4 /* ModulesAssembler.swift in Sources */,
				8D1B86DB22F2D4400094BAB8 /* StorageManager.swift in Sources */,
				8D84290B22E8A86500D20FFC /* ColoredCircleView.swift in Sources */,
				8D4C8A2522E0590A00282747 /* UIAlertController+AddCanvas.swift in Sources */,
				8D6BAE5322D35EFF00FF383C /* GeometryNamespace.swift in Sources */,
				8D18F17E22D5FA5A00E7B1E0 /* XMark.swift in Sources */,
				8D8ABB5122EF03440084E4BB /* ShapeStyle.swift in Sources */,
				8D19EB3622FD796C00D21160 /* CanvasViewDropInteractorDelegate.swift in Sources */,
				8DB8B0F722E1BD5700EB71D4 /* СanvasesListPresenterProtocol.swift in Sources */,
				8D7F235022F031E700BA7245 /* CGRect+Extensions.swift in Sources */,
				8DD424A722F32530003122B4 /* ShapeViewRepresentation.swift in Sources */,
				8DE758DF22E756A60069A6B4 /* ShapeCollectionViewCell.swift in Sources */,
				8DE758CC22E703090069A6B4 /* CanvasModule.swift in Sources */,
				8D10D9E722FAC7D200A3BD28 /* CanvasMapable.swift in Sources */,
				8D4D01D422DF70AF00348F7A /* Canvas.swift in Sources */,
				8D6BAE4522D3476500FF383C /* Rectangle.swift in Sources */,
				8D8ABB5522EF2A160084E4BB /* ShapeStyle+Fill.swift in Sources */,
				8DBB259222E8523D00546D23 /* ShapesProvider.swift in Sources */,
				8D10D9E922FAC7F900A3BD28 /* ColorMapable.swift in Sources */,
				8DB8B0F022E1B7B200EB71D4 /* CanvasListModule.swift in Sources */,
				8D8ABB5B22EF45CD0084E4BB /* ShapeCollectionViewCell+Configurable.swift in Sources */,
				8D7F235222F043BA00BA7245 /* CanvasViewDropInteractor.swift in Sources */,
				8DE758CE22E703300069A6B4 /* CanvasModuleOutput.swift in Sources */,
				8D6BAE4D22D35B5400FF383C /* Ellipse.swift in Sources */,
				8D0C0FB522F889FF00231D37 /* Grid.swift in Sources */,
				8D10D9F522FB088700A3BD28 /* StorageManager+ShapeViewStorable.swift in Sources */,
				8D21CD1122DCC8B000EA3948 /* CanvasListViewController.swift in Sources */,
				8D6BAE2822D332E900FF383C /* AppDelegate.swift in Sources */,
				8D10D9F122FAE5F200A3BD28 /* StorageModelsTranslator+ShapeView.swift in Sources */,
				8DB8B10922E2044C00EB71D4 /* PushRouter.swift in Sources */,
				8D11BFCB22EB508200B3F68F /* ShapesCollectionView+ViewModel.swift in Sources */,
				8D62FCE62302B6A0001DF102 /* ShapesDragAndDropDTO.swift in Sources */,
				8DD103BC22D4C8D10052B13B /* Coordinator.swift in Sources */,
				8DD424A422F32332003122B4 /* ShapeType.swift in Sources */,
				8DC010A222E5B1F100010BCA /* CanvasListManagementServiceProtocol.swift in Sources */,
				8D10D9EB22FACD8900A3BD28 /* StorageModelsTranslator+Color.swift in Sources */,
				8D10D9EF22FAE51E00A3BD28 /* CanvasShapeViewMapable.swift in Sources */,
				8DD1A17322EA00DB0016BE5C /* ColorsPickerCollectionViewColorCell.swift in Sources */,
				8D21CD1622DCC99B00EA3948 /* CanvasTableView.swift in Sources */,
				8D0C0FA022F8113400231D37 /* StorageModelsTranslator+Canvas.swift in Sources */,
				8DB7D77E22EB3C7700430C18 /* Color.swift in Sources */,
				8DE758D622E705F70069A6B4 /* CanvasPresenterOutput.swift in Sources */,
				8DD103C122D4C9A80052B13B /* AppAssemblerType.swift in Sources */,
				8DB8B0F322E1B8E600EB71D4 /* ViewControllerBasedModule.swift in Sources */,
				8DE758DC22E7561B0069A6B4 /* ShapesCollectionView.swift in Sources */,
				8DBB259D22E886B700546D23 /* ColorPicker.swift in Sources */,
				8D0C0FB322F8888400231D37 /* Design+Colors.swift in Sources */,
				8D6BAE5B22D37FC000FF383C /* Triangle.swift in Sources */,
				8D8ABB5322EF25010084E4BB /* ShapeStyle+CAShapeLayer.swift in Sources */,
				8DB8B0FD22E1DFCC00EB71D4 /* CanvasesListPresenterOutput.swift in Sources */,
				8D18F17C22D5D30900E7B1E0 /* UIViewController+StoryboardLoadable.swift in Sources */,
				8DC010A022E5B1CF00010BCA /* CanvasListManagementService.swift in Sources */,
				8DD424A222F31AF8003122B4 /* CanvasServiceProtocol.swift in Sources */,
				8DB8B0F922E1BEDF00EB71D4 /* CanvasesListPresenter.swift in Sources */,
				8DD1A17822EA03470016BE5C /* ColorsPickerCollectionViewColorCellDelegate.swift in Sources */,
				8DBB259822E8585A00546D23 /* SingleViewContainer.swift in Sources */,
				8D4CB03922F9CE4100E60B1F /* Canvas+ShapeViewModel.swift in Sources */,
				8D05706A230D62A60040366D /* CenteredContentScrollView.swift in Sources */,
				8DB8B10122E1E47B00EB71D4 /* ModulesBuilder.swift in Sources */,
				8DD103BE22D4C8F30052B13B /* AppCoordinator.swift in Sources */,
				8DE758D222E703BF0069A6B4 /* CanvasPresenterProtocol.swift in Sources */,
				8D1BADC1230AEBC000F1EACD /* CGContext+Extensions.swift in Sources */,
				8D6BAE4022D3456C00FF383C /* Shape.swift in Sources */,
				8D0C0FB922F88F2F00231D37 /* GridView.swift in Sources */,
				8D4D01D122DF67E100348F7A /* StorageManageable.swift in Sources */,
				8DBB258E22E84BF600546D23 /* AnyShape.swift in Sources */,
				8DB7D78122EB3CD000430C18 /* RGBAColor.swift in Sources */,
				8DD103A722D47CC70052B13B /* Star.swift in Sources */,
				8D4C8A3C22E0CC3400282747 /* UIColor+Extension.swift in Sources */,
				8DB7D78322EB45A300430C18 /* RGBAColor+Extensions.swift in Sources */,
			);
			runOnlyForDeploymentPostprocessing = 0;
		};
		8DD4245B22F3018C003122B4 /* Sources */ = {
			isa = PBXSourcesBuildPhase;
			buildActionMask = 2147483647;
			files = (
				8D09351222F4AEEE0040F3B2 /* ManagedObjectModel.xcdatamodeld in Sources */,
				8D4CB04222F9DE6800E60B1F /* CoreDataEntityMapper+Color.swift in Sources */,
				8D0C0FAD22F86F6C00231D37 /* CoreDataEntityMapper+ShapeView.swift in Sources */,
				8DD4249622F3022D003122B4 /* DataStorageAdapter.swift in Sources */,
				8D0EA80922F974640069A619 /* CoreDataManagerAdapter+ShapeViewsStorable.swift in Sources */,
				8DD4249322F3022D003122B4 /* CoreDataEntityMapper+Canvas.swift in Sources */,
				8DD4249B22F3022D003122B4 /* CoreDataManagerAdapter.swift in Sources */,
				8D0934F022F488800040F3B2 /* CanvasDTO.swift in Sources */,
				8DD4249422F3022D003122B4 /* ManagedObjectMapable.swift in Sources */,
				8D4CB04022F9DDA900E60B1F /* ColorMapable.swift in Sources */,
				8DD4249722F3022D003122B4 /* DataStorage.swift in Sources */,
				8D0C0FAB22F869E400231D37 /* ShapeViewMapable.swift in Sources */,
				8DD4249522F3022D003122B4 /* CoreDataEntityMapper.swift in Sources */,
				8DD4249822F3022D003122B4 /* CoreDataManager.swift in Sources */,
				8DD4249222F3022D003122B4 /* CanvasEntityMapable.swift in Sources */,
				8D4CB03D22F9DCD400E60B1F /* ColorDTO.swift in Sources */,
				8DD4249A22F3022D003122B4 /* PersistentContainer.swift in Sources */,
				8D0934F222F48A410040F3B2 /* ShapeViewDTO.swift in Sources */,
				8D0EA80722F974070069A619 /* CoreDataManagerAdapter+CanvasStorable.swift in Sources */,
			);
			runOnlyForDeploymentPostprocessing = 0;
		};
/* End PBXSourcesBuildPhase section */

/* Begin PBXTargetDependency section */
		8D0C0FA722F834BB00231D37 /* PBXTargetDependency */ = {
			isa = PBXTargetDependency;
			target = 8DD4245E22F3018C003122B4 /* DataStorage */;
			targetProxy = 8D0C0FA622F834BB00231D37 /* PBXContainerItemProxy */;
		};
		8D19EB3A22FD877D00D21160 /* PBXTargetDependency */ = {
			isa = PBXTargetDependency;
			target = 8D1B86C922F2CC530094BAB8 /* AtomicProperty */;
			targetProxy = 8D19EB3922FD877D00D21160 /* PBXContainerItemProxy */;
		};
/* End PBXTargetDependency section */

/* Begin PBXVariantGroup section */
		8D6BAE3322D332EA00FF383C /* LaunchScreen.storyboard */ = {
			isa = PBXVariantGroup;
			children = (
				8D6BAE3422D332EA00FF383C /* Base */,
			);
			name = LaunchScreen.storyboard;
			sourceTree = "<group>";
		};
/* End PBXVariantGroup section */

/* Begin XCBuildConfiguration section */
		8D1B86D422F2CC530094BAB8 /* Debug */ = {
			isa = XCBuildConfiguration;
			buildSettings = {
				CODE_SIGN_IDENTITY = "";
				CODE_SIGN_STYLE = Automatic;
				CURRENT_PROJECT_VERSION = 1;
				DEFINES_MODULE = YES;
				DEVELOPMENT_TEAM = YDDE2DY87F;
				DYLIB_COMPATIBILITY_VERSION = 1;
				DYLIB_CURRENT_VERSION = 1;
				DYLIB_INSTALL_NAME_BASE = "@rpath";
				INFOPLIST_FILE = AtomicProperty/Info.plist;
				INSTALL_PATH = "$(LOCAL_LIBRARY_DIR)/Frameworks";
				LD_RUNPATH_SEARCH_PATHS = (
					"$(inherited)",
					"@executable_path/Frameworks",
					"@loader_path/Frameworks",
				);
				PRODUCT_BUNDLE_IDENTIFIER = Galushka.AtomicProperty;
				PRODUCT_NAME = "$(TARGET_NAME:c99extidentifier)";
				SKIP_INSTALL = YES;
				SWIFT_VERSION = 5.0;
				TARGETED_DEVICE_FAMILY = "1,2";
				VERSIONING_SYSTEM = "apple-generic";
				VERSION_INFO_PREFIX = "";
			};
			name = Debug;
		};
		8D1B86D522F2CC530094BAB8 /* Release */ = {
			isa = XCBuildConfiguration;
			buildSettings = {
				CODE_SIGN_IDENTITY = "";
				CODE_SIGN_STYLE = Automatic;
				CURRENT_PROJECT_VERSION = 1;
				DEFINES_MODULE = YES;
				DEVELOPMENT_TEAM = YDDE2DY87F;
				DYLIB_COMPATIBILITY_VERSION = 1;
				DYLIB_CURRENT_VERSION = 1;
				DYLIB_INSTALL_NAME_BASE = "@rpath";
				INFOPLIST_FILE = AtomicProperty/Info.plist;
				INSTALL_PATH = "$(LOCAL_LIBRARY_DIR)/Frameworks";
				LD_RUNPATH_SEARCH_PATHS = (
					"$(inherited)",
					"@executable_path/Frameworks",
					"@loader_path/Frameworks",
				);
				PRODUCT_BUNDLE_IDENTIFIER = Galushka.AtomicProperty;
				PRODUCT_NAME = "$(TARGET_NAME:c99extidentifier)";
				SKIP_INSTALL = YES;
				SWIFT_VERSION = 5.0;
				TARGETED_DEVICE_FAMILY = "1,2";
				VERSIONING_SYSTEM = "apple-generic";
				VERSION_INFO_PREFIX = "";
			};
			name = Release;
		};
		8D6BAE3722D332EA00FF383C /* Debug */ = {
			isa = XCBuildConfiguration;
			buildSettings = {
				ALWAYS_SEARCH_USER_PATHS = NO;
				CLANG_ANALYZER_NONNULL = YES;
				CLANG_ANALYZER_NUMBER_OBJECT_CONVERSION = YES_AGGRESSIVE;
				CLANG_CXX_LANGUAGE_STANDARD = "gnu++14";
				CLANG_CXX_LIBRARY = "libc++";
				CLANG_ENABLE_MODULES = YES;
				CLANG_ENABLE_OBJC_ARC = YES;
				CLANG_ENABLE_OBJC_WEAK = YES;
				CLANG_WARN_BLOCK_CAPTURE_AUTORELEASING = YES;
				CLANG_WARN_BOOL_CONVERSION = YES;
				CLANG_WARN_COMMA = YES;
				CLANG_WARN_CONSTANT_CONVERSION = YES;
				CLANG_WARN_DEPRECATED_OBJC_IMPLEMENTATIONS = YES;
				CLANG_WARN_DIRECT_OBJC_ISA_USAGE = YES_ERROR;
				CLANG_WARN_DOCUMENTATION_COMMENTS = YES;
				CLANG_WARN_EMPTY_BODY = YES;
				CLANG_WARN_ENUM_CONVERSION = YES;
				CLANG_WARN_INFINITE_RECURSION = YES;
				CLANG_WARN_INT_CONVERSION = YES;
				CLANG_WARN_NON_LITERAL_NULL_CONVERSION = YES;
				CLANG_WARN_OBJC_IMPLICIT_RETAIN_SELF = YES;
				CLANG_WARN_OBJC_LITERAL_CONVERSION = YES;
				CLANG_WARN_OBJC_ROOT_CLASS = YES_ERROR;
				CLANG_WARN_RANGE_LOOP_ANALYSIS = YES;
				CLANG_WARN_STRICT_PROTOTYPES = YES;
				CLANG_WARN_SUSPICIOUS_MOVE = YES;
				CLANG_WARN_UNGUARDED_AVAILABILITY = YES_AGGRESSIVE;
				CLANG_WARN_UNREACHABLE_CODE = YES;
				CLANG_WARN__DUPLICATE_METHOD_MATCH = YES;
				CODE_SIGN_IDENTITY = "iPhone Developer";
				COPY_PHASE_STRIP = NO;
				DEBUG_INFORMATION_FORMAT = dwarf;
				ENABLE_STRICT_OBJC_MSGSEND = YES;
				ENABLE_TESTABILITY = YES;
				GCC_C_LANGUAGE_STANDARD = gnu11;
				GCC_DYNAMIC_NO_PIC = NO;
				GCC_NO_COMMON_BLOCKS = YES;
				GCC_OPTIMIZATION_LEVEL = 0;
				GCC_PREPROCESSOR_DEFINITIONS = (
					"DEBUG=1",
					"$(inherited)",
				);
				GCC_WARN_64_TO_32_BIT_CONVERSION = YES;
				GCC_WARN_ABOUT_RETURN_TYPE = YES_ERROR;
				GCC_WARN_UNDECLARED_SELECTOR = YES;
				GCC_WARN_UNINITIALIZED_AUTOS = YES_AGGRESSIVE;
				GCC_WARN_UNUSED_FUNCTION = YES;
				GCC_WARN_UNUSED_VARIABLE = YES;
				IPHONEOS_DEPLOYMENT_TARGET = 12.2;
				MTL_ENABLE_DEBUG_INFO = INCLUDE_SOURCE;
				MTL_FAST_MATH = YES;
				ONLY_ACTIVE_ARCH = YES;
				SDKROOT = iphoneos;
				SWIFT_ACTIVE_COMPILATION_CONDITIONS = DEBUG;
				SWIFT_OPTIMIZATION_LEVEL = "-Onone";
			};
			name = Debug;
		};
		8D6BAE3822D332EA00FF383C /* Release */ = {
			isa = XCBuildConfiguration;
			buildSettings = {
				ALWAYS_SEARCH_USER_PATHS = NO;
				CLANG_ANALYZER_NONNULL = YES;
				CLANG_ANALYZER_NUMBER_OBJECT_CONVERSION = YES_AGGRESSIVE;
				CLANG_CXX_LANGUAGE_STANDARD = "gnu++14";
				CLANG_CXX_LIBRARY = "libc++";
				CLANG_ENABLE_MODULES = YES;
				CLANG_ENABLE_OBJC_ARC = YES;
				CLANG_ENABLE_OBJC_WEAK = YES;
				CLANG_WARN_BLOCK_CAPTURE_AUTORELEASING = YES;
				CLANG_WARN_BOOL_CONVERSION = YES;
				CLANG_WARN_COMMA = YES;
				CLANG_WARN_CONSTANT_CONVERSION = YES;
				CLANG_WARN_DEPRECATED_OBJC_IMPLEMENTATIONS = YES;
				CLANG_WARN_DIRECT_OBJC_ISA_USAGE = YES_ERROR;
				CLANG_WARN_DOCUMENTATION_COMMENTS = YES;
				CLANG_WARN_EMPTY_BODY = YES;
				CLANG_WARN_ENUM_CONVERSION = YES;
				CLANG_WARN_INFINITE_RECURSION = YES;
				CLANG_WARN_INT_CONVERSION = YES;
				CLANG_WARN_NON_LITERAL_NULL_CONVERSION = YES;
				CLANG_WARN_OBJC_IMPLICIT_RETAIN_SELF = YES;
				CLANG_WARN_OBJC_LITERAL_CONVERSION = YES;
				CLANG_WARN_OBJC_ROOT_CLASS = YES_ERROR;
				CLANG_WARN_RANGE_LOOP_ANALYSIS = YES;
				CLANG_WARN_STRICT_PROTOTYPES = YES;
				CLANG_WARN_SUSPICIOUS_MOVE = YES;
				CLANG_WARN_UNGUARDED_AVAILABILITY = YES_AGGRESSIVE;
				CLANG_WARN_UNREACHABLE_CODE = YES;
				CLANG_WARN__DUPLICATE_METHOD_MATCH = YES;
				CODE_SIGN_IDENTITY = "iPhone Developer";
				COPY_PHASE_STRIP = NO;
				DEBUG_INFORMATION_FORMAT = "dwarf-with-dsym";
				ENABLE_NS_ASSERTIONS = NO;
				ENABLE_STRICT_OBJC_MSGSEND = YES;
				GCC_C_LANGUAGE_STANDARD = gnu11;
				GCC_NO_COMMON_BLOCKS = YES;
				GCC_WARN_64_TO_32_BIT_CONVERSION = YES;
				GCC_WARN_ABOUT_RETURN_TYPE = YES_ERROR;
				GCC_WARN_UNDECLARED_SELECTOR = YES;
				GCC_WARN_UNINITIALIZED_AUTOS = YES_AGGRESSIVE;
				GCC_WARN_UNUSED_FUNCTION = YES;
				GCC_WARN_UNUSED_VARIABLE = YES;
				IPHONEOS_DEPLOYMENT_TARGET = 12.2;
				MTL_ENABLE_DEBUG_INFO = NO;
				MTL_FAST_MATH = YES;
				SDKROOT = iphoneos;
				SWIFT_COMPILATION_MODE = wholemodule;
				SWIFT_OPTIMIZATION_LEVEL = "-O";
				VALIDATE_PRODUCT = YES;
			};
			name = Release;
		};
		8D6BAE3A22D332EA00FF383C /* Debug */ = {
			isa = XCBuildConfiguration;
			buildSettings = {
				ALWAYS_EMBED_SWIFT_STANDARD_LIBRARIES = YES;
				ASSETCATALOG_COMPILER_APPICON_NAME = AppIcon;
				CODE_SIGN_STYLE = Automatic;
				DEVELOPMENT_TEAM = YDDE2DY87F;
				GCC_OPTIMIZATION_LEVEL = fast;
				INFOPLIST_FILE = Photify/Resources/Info.plist;
				LD_RUNPATH_SEARCH_PATHS = (
					"$(inherited)",
					"@executable_path/Frameworks",
				);
				PRODUCT_BUNDLE_IDENTIFIER = Galushka.Photify;
				PRODUCT_NAME = "$(TARGET_NAME)";
				SWIFT_VERSION = 5.0;
				TARGETED_DEVICE_FAMILY = 2;
			};
			name = Debug;
		};
		8D6BAE3B22D332EA00FF383C /* Release */ = {
			isa = XCBuildConfiguration;
			buildSettings = {
				ALWAYS_EMBED_SWIFT_STANDARD_LIBRARIES = YES;
				ASSETCATALOG_COMPILER_APPICON_NAME = AppIcon;
				CODE_SIGN_STYLE = Automatic;
				DEVELOPMENT_TEAM = YDDE2DY87F;
				INFOPLIST_FILE = Photify/Resources/Info.plist;
				LD_RUNPATH_SEARCH_PATHS = (
					"$(inherited)",
					"@executable_path/Frameworks",
				);
				PRODUCT_BUNDLE_IDENTIFIER = Galushka.Photify;
				PRODUCT_NAME = "$(TARGET_NAME)";
				SWIFT_VERSION = 5.0;
				TARGETED_DEVICE_FAMILY = 2;
			};
			name = Release;
		};
		8DD4246422F3018C003122B4 /* Debug */ = {
			isa = XCBuildConfiguration;
			buildSettings = {
				CLANG_ENABLE_MODULES = YES;
				CODE_SIGN_IDENTITY = "";
				CODE_SIGN_STYLE = Automatic;
				CURRENT_PROJECT_VERSION = 1;
				DEFINES_MODULE = YES;
				DEVELOPMENT_TEAM = YDDE2DY87F;
				DYLIB_COMPATIBILITY_VERSION = 1;
				DYLIB_CURRENT_VERSION = 1;
				DYLIB_INSTALL_NAME_BASE = "@rpath";
				INFOPLIST_FILE = DataStorage/Info.plist;
				INSTALL_PATH = "$(LOCAL_LIBRARY_DIR)/Frameworks";
				LD_RUNPATH_SEARCH_PATHS = (
					"$(inherited)",
					"@executable_path/Frameworks",
					"@loader_path/Frameworks",
				);
				PRODUCT_BUNDLE_IDENTIFIER = Galushka.DataStorage;
				PRODUCT_NAME = "$(TARGET_NAME:c99extidentifier)";
				SKIP_INSTALL = YES;
				SWIFT_OPTIMIZATION_LEVEL = "-Onone";
				SWIFT_VERSION = 5.0;
				TARGETED_DEVICE_FAMILY = "1,2";
				VERSIONING_SYSTEM = "apple-generic";
				VERSION_INFO_PREFIX = "";
			};
			name = Debug;
		};
		8DD4246522F3018C003122B4 /* Release */ = {
			isa = XCBuildConfiguration;
			buildSettings = {
				CLANG_ENABLE_MODULES = YES;
				CODE_SIGN_IDENTITY = "";
				CODE_SIGN_STYLE = Automatic;
				CURRENT_PROJECT_VERSION = 1;
				DEFINES_MODULE = YES;
				DEVELOPMENT_TEAM = YDDE2DY87F;
				DYLIB_COMPATIBILITY_VERSION = 1;
				DYLIB_CURRENT_VERSION = 1;
				DYLIB_INSTALL_NAME_BASE = "@rpath";
				INFOPLIST_FILE = DataStorage/Info.plist;
				INSTALL_PATH = "$(LOCAL_LIBRARY_DIR)/Frameworks";
				LD_RUNPATH_SEARCH_PATHS = (
					"$(inherited)",
					"@executable_path/Frameworks",
					"@loader_path/Frameworks",
				);
				PRODUCT_BUNDLE_IDENTIFIER = Galushka.DataStorage;
				PRODUCT_NAME = "$(TARGET_NAME:c99extidentifier)";
				SKIP_INSTALL = YES;
				SWIFT_VERSION = 5.0;
				TARGETED_DEVICE_FAMILY = "1,2";
				VERSIONING_SYSTEM = "apple-generic";
				VERSION_INFO_PREFIX = "";
			};
			name = Release;
		};
/* End XCBuildConfiguration section */

/* Begin XCConfigurationList section */
		8D1B86D322F2CC530094BAB8 /* Build configuration list for PBXNativeTarget "AtomicProperty" */ = {
			isa = XCConfigurationList;
			buildConfigurations = (
				8D1B86D422F2CC530094BAB8 /* Debug */,
				8D1B86D522F2CC530094BAB8 /* Release */,
			);
			defaultConfigurationIsVisible = 0;
			defaultConfigurationName = Release;
		};
		8D6BAE1F22D332E900FF383C /* Build configuration list for PBXProject "Photify" */ = {
			isa = XCConfigurationList;
			buildConfigurations = (
				8D6BAE3722D332EA00FF383C /* Debug */,
				8D6BAE3822D332EA00FF383C /* Release */,
			);
			defaultConfigurationIsVisible = 0;
			defaultConfigurationName = Release;
		};
		8D6BAE3922D332EA00FF383C /* Build configuration list for PBXNativeTarget "Photify" */ = {
			isa = XCConfigurationList;
			buildConfigurations = (
				8D6BAE3A22D332EA00FF383C /* Debug */,
				8D6BAE3B22D332EA00FF383C /* Release */,
			);
			defaultConfigurationIsVisible = 0;
			defaultConfigurationName = Release;
		};
		8DD4246622F3018C003122B4 /* Build configuration list for PBXNativeTarget "DataStorage" */ = {
			isa = XCConfigurationList;
			buildConfigurations = (
				8DD4246422F3018C003122B4 /* Debug */,
				8DD4246522F3018C003122B4 /* Release */,
			);
			defaultConfigurationIsVisible = 0;
			defaultConfigurationName = Release;
		};
/* End XCConfigurationList section */

/* Begin XCVersionGroup section */
		8DD4248C22F3022D003122B4 /* ManagedObjectModel.xcdatamodeld */ = {
			isa = XCVersionGroup;
			children = (
				8DD4248D22F3022D003122B4 /* ManagedObjectModel.xcdatamodel */,
			);
			currentVersion = 8DD4248D22F3022D003122B4 /* ManagedObjectModel.xcdatamodel */;
			path = ManagedObjectModel.xcdatamodeld;
			sourceTree = "<group>";
			versionGroupType = wrapper.xcdatamodel;
		};
/* End XCVersionGroup section */
	};
	rootObject = 8D6BAE1C22D332E900FF383C /* Project object */;
}
